// !$*UTF8*$!
{
	archiveVersion = 1;
	classes = {
	};
	objectVersion = 46;
	objects = {

/* Begin PBXBuildFile section */
		0B3B89D5197DB4AB00E89B12 /* QuartzCore.framework in Frameworks */ = {isa = PBXBuildFile; fileRef = 0B3B89D4197DB4AB00E89B12 /* QuartzCore.framework */; };
		0B3C9F7218A9631800506FDC /* ContactScheduleCell.m in Sources */ = {isa = PBXBuildFile; fileRef = 0B3C9F7118A9631800506FDC /* ContactScheduleCell.m */; };
		0B4386B818AAFBF200D50DFC /* SocialSchedulerIpad.storyboard in Resources */ = {isa = PBXBuildFile; fileRef = 0B4386B718AAFBF200D50DFC /* SocialSchedulerIpad.storyboard */; };
		0B55C8EC19BD60C7002FEE0C /* .cocoadocs.yml in Resources */ = {isa = PBXBuildFile; fileRef = 0B55C85619BD60C7002FEE0C /* .cocoadocs.yml */; };
		0B55C8ED19BD60C7002FEE0C /* .gitignore in Resources */ = {isa = PBXBuildFile; fileRef = 0B55C85719BD60C7002FEE0C /* .gitignore */; };
		0B55C8EE19BD60C7002FEE0C /* .travis.yml in Resources */ = {isa = PBXBuildFile; fileRef = 0B55C85819BD60C7002FEE0C /* .travis.yml */; };
		0B55C8EF19BD60C7002FEE0C /* AFHTTPRequestOperation.m in Sources */ = {isa = PBXBuildFile; fileRef = 0B55C85B19BD60C7002FEE0C /* AFHTTPRequestOperation.m */; };
		0B55C8F019BD60C7002FEE0C /* AFHTTPRequestOperationManager.m in Sources */ = {isa = PBXBuildFile; fileRef = 0B55C85D19BD60C7002FEE0C /* AFHTTPRequestOperationManager.m */; };
		0B55C8F119BD60C7002FEE0C /* AFHTTPSessionManager.m in Sources */ = {isa = PBXBuildFile; fileRef = 0B55C85F19BD60C7002FEE0C /* AFHTTPSessionManager.m */; };
		0B55C8F219BD60C7002FEE0C /* AFNetworkReachabilityManager.m in Sources */ = {isa = PBXBuildFile; fileRef = 0B55C86219BD60C7002FEE0C /* AFNetworkReachabilityManager.m */; };
		0B55C8F319BD60C7002FEE0C /* AFSecurityPolicy.m in Sources */ = {isa = PBXBuildFile; fileRef = 0B55C86419BD60C7002FEE0C /* AFSecurityPolicy.m */; };
		0B55C8F419BD60C7002FEE0C /* AFURLConnectionOperation.m in Sources */ = {isa = PBXBuildFile; fileRef = 0B55C86619BD60C7002FEE0C /* AFURLConnectionOperation.m */; };
		0B55C8F519BD60C7002FEE0C /* AFURLRequestSerialization.m in Sources */ = {isa = PBXBuildFile; fileRef = 0B55C86819BD60C7002FEE0C /* AFURLRequestSerialization.m */; };
		0B55C8F619BD60C7002FEE0C /* AFURLResponseSerialization.m in Sources */ = {isa = PBXBuildFile; fileRef = 0B55C86A19BD60C7002FEE0C /* AFURLResponseSerialization.m */; };
		0B55C8F719BD60C7002FEE0C /* AFURLSessionManager.m in Sources */ = {isa = PBXBuildFile; fileRef = 0B55C86C19BD60C7002FEE0C /* AFURLSessionManager.m */; };
		0B55C8F819BD60C7002FEE0C /* AFNetworking.podspec in Resources */ = {isa = PBXBuildFile; fileRef = 0B55C86D19BD60C7002FEE0C /* AFNetworking.podspec */; };
		0B55C8F919BD60C7002FEE0C /* AFNetworking.xcworkspace in Resources */ = {isa = PBXBuildFile; fileRef = 0B55C86E19BD60C7002FEE0C /* AFNetworking.xcworkspace */; };
		0B55C8FA19BD60C7002FEE0C /* CHANGES in Resources */ = {isa = PBXBuildFile; fileRef = 0B55C86F19BD60C7002FEE0C /* CHANGES */; };
		0B55C8FB19BD60C7002FEE0C /* CONTRIBUTING.md in Resources */ = {isa = PBXBuildFile; fileRef = 0B55C87019BD60C7002FEE0C /* CONTRIBUTING.md */; };
		0B55C91219BD60C7002FEE0C /* LICENSE in Resources */ = {isa = PBXBuildFile; fileRef = 0B55C89B19BD60C7002FEE0C /* LICENSE */; };
		0B55C91319BD60C7002FEE0C /* Rakefile in Resources */ = {isa = PBXBuildFile; fileRef = 0B55C89C19BD60C7002FEE0C /* Rakefile */; };
		0B55C91419BD60C7002FEE0C /* README.md in Resources */ = {isa = PBXBuildFile; fileRef = 0B55C89D19BD60C7002FEE0C /* README.md */; };
		0B55C93A19BD60C7002FEE0C /* AFNetworkActivityIndicatorManager.m in Sources */ = {isa = PBXBuildFile; fileRef = 0B55C8DC19BD60C7002FEE0C /* AFNetworkActivityIndicatorManager.m */; };
		0B55C93B19BD60C7002FEE0C /* UIActivityIndicatorView+AFNetworking.m in Sources */ = {isa = PBXBuildFile; fileRef = 0B55C8DE19BD60C7002FEE0C /* UIActivityIndicatorView+AFNetworking.m */; };
		0B55C93C19BD60C7002FEE0C /* UIAlertView+AFNetworking.m in Sources */ = {isa = PBXBuildFile; fileRef = 0B55C8E019BD60C7002FEE0C /* UIAlertView+AFNetworking.m */; };
		0B55C93D19BD60C7002FEE0C /* UIButton+AFNetworking.m in Sources */ = {isa = PBXBuildFile; fileRef = 0B55C8E219BD60C7002FEE0C /* UIButton+AFNetworking.m */; };
		0B55C93E19BD60C7002FEE0C /* UIImageView+AFNetworking.m in Sources */ = {isa = PBXBuildFile; fileRef = 0B55C8E419BD60C7002FEE0C /* UIImageView+AFNetworking.m */; };
		0B55C93F19BD60C7002FEE0C /* UIProgressView+AFNetworking.m in Sources */ = {isa = PBXBuildFile; fileRef = 0B55C8E719BD60C7002FEE0C /* UIProgressView+AFNetworking.m */; };
		0B55C94019BD60C7002FEE0C /* UIRefreshControl+AFNetworking.m in Sources */ = {isa = PBXBuildFile; fileRef = 0B55C8E919BD60C7002FEE0C /* UIRefreshControl+AFNetworking.m */; };
		0B55C94119BD60C7002FEE0C /* UIWebView+AFNetworking.m in Sources */ = {isa = PBXBuildFile; fileRef = 0B55C8EB19BD60C7002FEE0C /* UIWebView+AFNetworking.m */; };
		0B653FF11947BCFD00C78028 /* CourseDetailViewController.m in Sources */ = {isa = PBXBuildFile; fileRef = 0B653FF01947BCFD00C78028 /* CourseDetailViewController.m */; };
		0B71092619C92CD5000FBCF7 /* ContactCollectionCell.m in Sources */ = {isa = PBXBuildFile; fileRef = 0B71092519C92CD5000FBCF7 /* ContactCollectionCell.m */; };
		0B7299FB197A68E50044B46C /* FBLoginCell.m in Sources */ = {isa = PBXBuildFile; fileRef = 0B7299FA197A68E50044B46C /* FBLoginCell.m */; };
		0B761C1E197F2DD40035620C /* BG.png in Resources */ = {isa = PBXBuildFile; fileRef = 0B761C1D197F2DD40035620C /* BG.png */; };
		0B77469118AD4008006E0550 /* fb_default.jpg in Resources */ = {isa = PBXBuildFile; fileRef = 0B77469018AD4008006E0550 /* fb_default.jpg */; };
		0B8E0BA918A2099100863181 /* Foundation.framework in Frameworks */ = {isa = PBXBuildFile; fileRef = 0B8E0BA818A2099100863181 /* Foundation.framework */; };
		0B8E0BAD18A2099100863181 /* UIKit.framework in Frameworks */ = {isa = PBXBuildFile; fileRef = 0B8E0BAC18A2099100863181 /* UIKit.framework */; };
		0B8E0BB318A2099100863181 /* InfoPlist.strings in Resources */ = {isa = PBXBuildFile; fileRef = 0B8E0BB118A2099100863181 /* InfoPlist.strings */; };
		0B8E0BB518A2099100863181 /* main.m in Sources */ = {isa = PBXBuildFile; fileRef = 0B8E0BB418A2099100863181 /* main.m */; };
		0B8E0BB918A2099100863181 /* SocialSchedulerAppDelegate.m in Sources */ = {isa = PBXBuildFile; fileRef = 0B8E0BB818A2099100863181 /* SocialSchedulerAppDelegate.m */; };
		0B8E0BBC18A2099100863181 /* Main.storyboard in Resources */ = {isa = PBXBuildFile; fileRef = 0B8E0BBA18A2099100863181 /* Main.storyboard */; };
		0B8E0BBF18A2099100863181 /* SocialSchedulerFirstViewController.m in Sources */ = {isa = PBXBuildFile; fileRef = 0B8E0BBE18A2099100863181 /* SocialSchedulerFirstViewController.m */; };
		0B8E0BC218A2099100863181 /* SocialSchedulerSecondViewController.m in Sources */ = {isa = PBXBuildFile; fileRef = 0B8E0BC118A2099100863181 /* SocialSchedulerSecondViewController.m */; };
		0B8E0BC418A2099100863181 /* Images.xcassets in Resources */ = {isa = PBXBuildFile; fileRef = 0B8E0BC318A2099100863181 /* Images.xcassets */; };
		0B8E0BCB18A2099100863181 /* XCTest.framework in Frameworks */ = {isa = PBXBuildFile; fileRef = 0B8E0BCA18A2099100863181 /* XCTest.framework */; };
		0B8E0BCC18A2099100863181 /* Foundation.framework in Frameworks */ = {isa = PBXBuildFile; fileRef = 0B8E0BA818A2099100863181 /* Foundation.framework */; };
		0B8E0BCD18A2099100863181 /* UIKit.framework in Frameworks */ = {isa = PBXBuildFile; fileRef = 0B8E0BAC18A2099100863181 /* UIKit.framework */; };
		0B8E0BD518A2099100863181 /* InfoPlist.strings in Resources */ = {isa = PBXBuildFile; fileRef = 0B8E0BD318A2099100863181 /* InfoPlist.strings */; };
		0B8E0BD718A2099100863181 /* UMDSocialSchedulerTests.m in Sources */ = {isa = PBXBuildFile; fileRef = 0B8E0BD618A2099100863181 /* UMDSocialSchedulerTests.m */; };
		0B8E0BF318A3701500863181 /* LoginViewController.m in Sources */ = {isa = PBXBuildFile; fileRef = 0B8E0BF218A3701500863181 /* LoginViewController.m */; };
		0B8E0BF718A5EB8100863181 /* FacebookFriendsViewController.m in Sources */ = {isa = PBXBuildFile; fileRef = 0B8E0BF618A5EB8100863181 /* FacebookFriendsViewController.m */; };
		0BA0CB8718A86F8B005AAFD5 /* CourseCell.m in Sources */ = {isa = PBXBuildFile; fileRef = 0BA0CB8618A86F8B005AAFD5 /* CourseCell.m */; };
		0BA0CB8A18A87CD2005AAFD5 /* ContactCell.m in Sources */ = {isa = PBXBuildFile; fileRef = 0BA0CB8918A87CD2005AAFD5 /* ContactCell.m */; };
		0BA8C13118AB1BB4000F3734 /* AppIcon29x29.png in Resources */ = {isa = PBXBuildFile; fileRef = 0BA8C12118AB1BB4000F3734 /* AppIcon29x29.png */; };
		0BA8C13218AB1BB4000F3734 /* AppIcon29x29@2x.png in Resources */ = {isa = PBXBuildFile; fileRef = 0BA8C12218AB1BB4000F3734 /* AppIcon29x29@2x.png */; };
		0BA8C13318AB1BB4000F3734 /* AppIcon40x40.png in Resources */ = {isa = PBXBuildFile; fileRef = 0BA8C12318AB1BB4000F3734 /* AppIcon40x40.png */; };
		0BA8C13418AB1BB4000F3734 /* AppIcon40x40@2x.png in Resources */ = {isa = PBXBuildFile; fileRef = 0BA8C12418AB1BB4000F3734 /* AppIcon40x40@2x.png */; };
		0BA8C13518AB1BB4000F3734 /* AppIcon50x50.png in Resources */ = {isa = PBXBuildFile; fileRef = 0BA8C12518AB1BB4000F3734 /* AppIcon50x50.png */; };
		0BA8C13618AB1BB4000F3734 /* AppIcon50x50@2x.png in Resources */ = {isa = PBXBuildFile; fileRef = 0BA8C12618AB1BB4000F3734 /* AppIcon50x50@2x.png */; };
		0BA8C13718AB1BB4000F3734 /* AppIcon57x57.png in Resources */ = {isa = PBXBuildFile; fileRef = 0BA8C12718AB1BB4000F3734 /* AppIcon57x57.png */; };
		0BA8C13818AB1BB4000F3734 /* AppIcon57x57@2x.png in Resources */ = {isa = PBXBuildFile; fileRef = 0BA8C12818AB1BB4000F3734 /* AppIcon57x57@2x.png */; };
		0BA8C13918AB1BB4000F3734 /* AppIcon60x60.png in Resources */ = {isa = PBXBuildFile; fileRef = 0BA8C12918AB1BB4000F3734 /* AppIcon60x60.png */; };
		0BA8C13A18AB1BB4000F3734 /* AppIcon60x60@2x.png in Resources */ = {isa = PBXBuildFile; fileRef = 0BA8C12A18AB1BB4000F3734 /* AppIcon60x60@2x.png */; };
		0BA8C13B18AB1BB4000F3734 /* AppIcon72x72.png in Resources */ = {isa = PBXBuildFile; fileRef = 0BA8C12B18AB1BB4000F3734 /* AppIcon72x72.png */; };
		0BA8C13C18AB1BB4000F3734 /* AppIcon72x72@2x.png in Resources */ = {isa = PBXBuildFile; fileRef = 0BA8C12C18AB1BB4000F3734 /* AppIcon72x72@2x.png */; };
		0BA8C13D18AB1BB4000F3734 /* AppIcon76x76.png in Resources */ = {isa = PBXBuildFile; fileRef = 0BA8C12D18AB1BB4000F3734 /* AppIcon76x76.png */; };
		0BA8C13E18AB1BB4000F3734 /* AppIcon76x76@2x.png in Resources */ = {isa = PBXBuildFile; fileRef = 0BA8C12E18AB1BB4000F3734 /* AppIcon76x76@2x.png */; };
		0BA8C13F18AB1BB4000F3734 /* iTunesArtwork.png in Resources */ = {isa = PBXBuildFile; fileRef = 0BA8C12F18AB1BB4000F3734 /* iTunesArtwork.png */; };
		0BA8C14018AB1BB4000F3734 /* iTunesArtwork@2x.png in Resources */ = {isa = PBXBuildFile; fileRef = 0BA8C13018AB1BB4000F3734 /* iTunesArtwork@2x.png */; };
		0BB97CBF1A83D9440044B883 /* FBUserSettingsViewResources.bundle in Resources */ = {isa = PBXBuildFile; fileRef = 0BB97CBE1A83D9430044B883 /* FBUserSettingsViewResources.bundle */; };
		0BB97CC11A83D9930044B883 /* FacebookSDK.framework in Frameworks */ = {isa = PBXBuildFile; fileRef = 0BB97CC01A83D9930044B883 /* FacebookSDK.framework */; };
		0BBF51561A96DDFA00450882 /* Bolts.framework in Frameworks */ = {isa = PBXBuildFile; fileRef = 0BBF51511A96DDFA00450882 /* Bolts.framework */; };
		0BBF51571A96DDFA00450882 /* Parse.framework in Frameworks */ = {isa = PBXBuildFile; fileRef = 0BBF51521A96DDFA00450882 /* Parse.framework */; };
		0BBF51581A96DDFA00450882 /* ParseCrashReporting.framework in Frameworks */ = {isa = PBXBuildFile; fileRef = 0BBF51531A96DDFA00450882 /* ParseCrashReporting.framework */; };
		0BBF51591A96DDFA00450882 /* ParseFacebookUtils.framework in Frameworks */ = {isa = PBXBuildFile; fileRef = 0BBF51541A96DDFA00450882 /* ParseFacebookUtils.framework */; };
		0BBF515A1A96DDFA00450882 /* ParseUI.framework in Frameworks */ = {isa = PBXBuildFile; fileRef = 0BBF51551A96DDFA00450882 /* ParseUI.framework */; };
		0BBF515C1A96F1B600450882 /* AudioToolbox.framework in Frameworks */ = {isa = PBXBuildFile; fileRef = 0BBF515B1A96F1B600450882 /* AudioToolbox.framework */; };
		0BBF515E1A96F1BD00450882 /* CFNetwork.framework in Frameworks */ = {isa = PBXBuildFile; fileRef = 0BBF515D1A96F1BD00450882 /* CFNetwork.framework */; };
		0BBF51601A96F1D000450882 /* CoreLocation.framework in Frameworks */ = {isa = PBXBuildFile; fileRef = 0BBF515F1A96F1D000450882 /* CoreLocation.framework */; };
		0BBF51621A96F1E200450882 /* MobileCoreServices.framework in Frameworks */ = {isa = PBXBuildFile; fileRef = 0BBF51611A96F1E200450882 /* MobileCoreServices.framework */; };
		0BBF51631A96F1F700450882 /* CoreGraphics.framework in Frameworks */ = {isa = PBXBuildFile; fileRef = 0B8E0BAA18A2099100863181 /* CoreGraphics.framework */; };
		0BBF51651A96F20500450882 /* Security.framework in Frameworks */ = {isa = PBXBuildFile; fileRef = 0BBF51641A96F20500450882 /* Security.framework */; };
		0BBF51691A96F21400450882 /* SystemConfiguration.framework in Frameworks */ = {isa = PBXBuildFile; fileRef = 0BBF51681A96F21400450882 /* SystemConfiguration.framework */; };
		0BBF516B1A96F22100450882 /* libsqlite3.dylib in Frameworks */ = {isa = PBXBuildFile; fileRef = 0BBF516A1A96F22100450882 /* libsqlite3.dylib */; };
		0BBF516C1A96F2B400450882 /* StoreKit.framework in Frameworks */ = {isa = PBXBuildFile; fileRef = 0BBF51661A96F20D00450882 /* StoreKit.framework */; };
		0BBF516F1A97937700450882 /* UIImage+Trim.m in Sources */ = {isa = PBXBuildFile; fileRef = 0BBF516E1A97937700450882 /* UIImage+Trim.m */; };
		0BBF51741A9927FF00450882 /* AccessKeys.m in Sources */ = {isa = PBXBuildFile; fileRef = 0BBF51731A9927FF00450882 /* AccessKeys.m */; };
		0BBF51771A993FCA00450882 /* ScheduleManager.m in Sources */ = {isa = PBXBuildFile; fileRef = 0BBF51761A993FCA00450882 /* ScheduleManager.m */; };
		0BC9322219465E0A00237EF2 /* Settings.bundle in Resources */ = {isa = PBXBuildFile; fileRef = 0BC9322119465E0A00237EF2 /* Settings.bundle */; };
		0BC94462198B093500BD3140 /* ScheduleTheaterViewController.m in Sources */ = {isa = PBXBuildFile; fileRef = 0BC94461198B093500BD3140 /* ScheduleTheaterViewController.m */; };
		0BC9A2341948D0F20048562F /* MapKit.framework in Frameworks */ = {isa = PBXBuildFile; fileRef = 0BC9A2331948D0F20048562F /* MapKit.framework */; };
		0BCAB20F197F6F0C006FC406 /* Launcher.png in Resources */ = {isa = PBXBuildFile; fileRef = 0BCAB20E197F6F0C006FC406 /* Launcher.png */; };
		0BCAB211197F70A1006FC406 /* R4Launcher.png in Resources */ = {isa = PBXBuildFile; fileRef = 0BCAB210197F70A1006FC406 /* R4Launcher.png */; };
		0BCAB214197F7198006FC406 /* ipad1xLauncher.png in Resources */ = {isa = PBXBuildFile; fileRef = 0BCAB212197F7198006FC406 /* ipad1xLauncher.png */; };
		0BCAB215197F7198006FC406 /* ipad2xLauncher.png in Resources */ = {isa = PBXBuildFile; fileRef = 0BCAB213197F7198006FC406 /* ipad2xLauncher.png */; };
		0BD6925319534765007C6081 /* EventKit.framework in Frameworks */ = {isa = PBXBuildFile; fileRef = 0BD6925219534765007C6081 /* EventKit.framework */; };
		0BD797FC19C9D6B500DFD1CF /* CourseSplitViewController.m in Sources */ = {isa = PBXBuildFile; fileRef = 0BD797FB19C9D6B500DFD1CF /* CourseSplitViewController.m */; };
		0BDC092318A9F5D500BC82CE /* libTestFlight.a in Frameworks */ = {isa = PBXBuildFile; fileRef = 0BDC091D18A9F5D500BC82CE /* libTestFlight.a */; };
		0BDC092418A9F5D500BC82CE /* README.md in Resources */ = {isa = PBXBuildFile; fileRef = 0BDC091E18A9F5D500BC82CE /* README.md */; };
		0BDC092518A9F5D500BC82CE /* release_notes.md in Resources */ = {isa = PBXBuildFile; fileRef = 0BDC091F18A9F5D500BC82CE /* release_notes.md */; };
		0BDC092718A9F68500BC82CE /* libz.dylib in Frameworks */ = {isa = PBXBuildFile; fileRef = 0BDC092618A9F68500BC82CE /* libz.dylib */; };
		0BDC092A18AAAB0700BC82CE /* ClassContactCell.m in Sources */ = {isa = PBXBuildFile; fileRef = 0BDC092918AAAB0700BC82CE /* ClassContactCell.m */; };
		0BF6120F19B7F868005A8DBB /* ClassesViewController.m in Sources */ = {isa = PBXBuildFile; fileRef = 0BF6120E19B7F868005A8DBB /* ClassesViewController.m */; };
		0BF6121219B8047D005A8DBB /* CourseCollectionCell.m in Sources */ = {isa = PBXBuildFile; fileRef = 0BF6121119B8047D005A8DBB /* CourseCollectionCell.m */; };
		0BFF8B1218AE899600817BFD /* Reachability.m in Sources */ = {isa = PBXBuildFile; fileRef = 0BFF8B1118AE899600817BFD /* Reachability.m */; };
/* End PBXBuildFile section */

/* Begin PBXContainerItemProxy section */
		0B8E0BCE18A2099100863181 /* PBXContainerItemProxy */ = {
			isa = PBXContainerItemProxy;
			containerPortal = 0B8E0B9D18A2099100863181 /* Project object */;
			proxyType = 1;
			remoteGlobalIDString = 0B8E0BA418A2099100863181;
			remoteInfo = UMDSocialScheduler;
		};
/* End PBXContainerItemProxy section */

/* Begin PBXFileReference section */
		0B3B89D4197DB4AB00E89B12 /* QuartzCore.framework */ = {isa = PBXFileReference; lastKnownFileType = wrapper.framework; name = QuartzCore.framework; path = System/Library/Frameworks/QuartzCore.framework; sourceTree = SDKROOT; };
		0B3C9F7018A9631800506FDC /* ContactScheduleCell.h */ = {isa = PBXFileReference; fileEncoding = 4; lastKnownFileType = sourcecode.c.h; path = ContactScheduleCell.h; sourceTree = "<group>"; };
		0B3C9F7118A9631800506FDC /* ContactScheduleCell.m */ = {isa = PBXFileReference; fileEncoding = 4; lastKnownFileType = sourcecode.c.objc; path = ContactScheduleCell.m; sourceTree = "<group>"; };
		0B4386B718AAFBF200D50DFC /* SocialSchedulerIpad.storyboard */ = {isa = PBXFileReference; fileEncoding = 4; lastKnownFileType = file.storyboard; path = SocialSchedulerIpad.storyboard; sourceTree = "<group>"; };
		0B55C85619BD60C7002FEE0C /* .cocoadocs.yml */ = {isa = PBXFileReference; fileEncoding = 4; lastKnownFileType = text; path = .cocoadocs.yml; sourceTree = "<group>"; };
		0B55C85719BD60C7002FEE0C /* .gitignore */ = {isa = PBXFileReference; fileEncoding = 4; lastKnownFileType = text; path = .gitignore; sourceTree = "<group>"; };
		0B55C85819BD60C7002FEE0C /* .travis.yml */ = {isa = PBXFileReference; fileEncoding = 4; lastKnownFileType = text; path = .travis.yml; sourceTree = "<group>"; };
		0B55C85A19BD60C7002FEE0C /* AFHTTPRequestOperation.h */ = {isa = PBXFileReference; fileEncoding = 4; lastKnownFileType = sourcecode.c.h; path = AFHTTPRequestOperation.h; sourceTree = "<group>"; };
		0B55C85B19BD60C7002FEE0C /* AFHTTPRequestOperation.m */ = {isa = PBXFileReference; fileEncoding = 4; lastKnownFileType = sourcecode.c.objc; path = AFHTTPRequestOperation.m; sourceTree = "<group>"; };
		0B55C85C19BD60C7002FEE0C /* AFHTTPRequestOperationManager.h */ = {isa = PBXFileReference; fileEncoding = 4; lastKnownFileType = sourcecode.c.h; path = AFHTTPRequestOperationManager.h; sourceTree = "<group>"; };
		0B55C85D19BD60C7002FEE0C /* AFHTTPRequestOperationManager.m */ = {isa = PBXFileReference; fileEncoding = 4; lastKnownFileType = sourcecode.c.objc; path = AFHTTPRequestOperationManager.m; sourceTree = "<group>"; };
		0B55C85E19BD60C7002FEE0C /* AFHTTPSessionManager.h */ = {isa = PBXFileReference; fileEncoding = 4; lastKnownFileType = sourcecode.c.h; path = AFHTTPSessionManager.h; sourceTree = "<group>"; };
		0B55C85F19BD60C7002FEE0C /* AFHTTPSessionManager.m */ = {isa = PBXFileReference; fileEncoding = 4; lastKnownFileType = sourcecode.c.objc; path = AFHTTPSessionManager.m; sourceTree = "<group>"; };
		0B55C86019BD60C7002FEE0C /* AFNetworking.h */ = {isa = PBXFileReference; fileEncoding = 4; lastKnownFileType = sourcecode.c.h; path = AFNetworking.h; sourceTree = "<group>"; };
		0B55C86119BD60C7002FEE0C /* AFNetworkReachabilityManager.h */ = {isa = PBXFileReference; fileEncoding = 4; lastKnownFileType = sourcecode.c.h; path = AFNetworkReachabilityManager.h; sourceTree = "<group>"; };
		0B55C86219BD60C7002FEE0C /* AFNetworkReachabilityManager.m */ = {isa = PBXFileReference; fileEncoding = 4; lastKnownFileType = sourcecode.c.objc; path = AFNetworkReachabilityManager.m; sourceTree = "<group>"; };
		0B55C86319BD60C7002FEE0C /* AFSecurityPolicy.h */ = {isa = PBXFileReference; fileEncoding = 4; lastKnownFileType = sourcecode.c.h; path = AFSecurityPolicy.h; sourceTree = "<group>"; };
		0B55C86419BD60C7002FEE0C /* AFSecurityPolicy.m */ = {isa = PBXFileReference; fileEncoding = 4; lastKnownFileType = sourcecode.c.objc; path = AFSecurityPolicy.m; sourceTree = "<group>"; };
		0B55C86519BD60C7002FEE0C /* AFURLConnectionOperation.h */ = {isa = PBXFileReference; fileEncoding = 4; lastKnownFileType = sourcecode.c.h; path = AFURLConnectionOperation.h; sourceTree = "<group>"; };
		0B55C86619BD60C7002FEE0C /* AFURLConnectionOperation.m */ = {isa = PBXFileReference; fileEncoding = 4; lastKnownFileType = sourcecode.c.objc; path = AFURLConnectionOperation.m; sourceTree = "<group>"; };
		0B55C86719BD60C7002FEE0C /* AFURLRequestSerialization.h */ = {isa = PBXFileReference; fileEncoding = 4; lastKnownFileType = sourcecode.c.h; path = AFURLRequestSerialization.h; sourceTree = "<group>"; };
		0B55C86819BD60C7002FEE0C /* AFURLRequestSerialization.m */ = {isa = PBXFileReference; fileEncoding = 4; lastKnownFileType = sourcecode.c.objc; path = AFURLRequestSerialization.m; sourceTree = "<group>"; };
		0B55C86919BD60C7002FEE0C /* AFURLResponseSerialization.h */ = {isa = PBXFileReference; fileEncoding = 4; lastKnownFileType = sourcecode.c.h; path = AFURLResponseSerialization.h; sourceTree = "<group>"; };
		0B55C86A19BD60C7002FEE0C /* AFURLResponseSerialization.m */ = {isa = PBXFileReference; fileEncoding = 4; lastKnownFileType = sourcecode.c.objc; path = AFURLResponseSerialization.m; sourceTree = "<group>"; };
		0B55C86B19BD60C7002FEE0C /* AFURLSessionManager.h */ = {isa = PBXFileReference; fileEncoding = 4; lastKnownFileType = sourcecode.c.h; path = AFURLSessionManager.h; sourceTree = "<group>"; };
		0B55C86C19BD60C7002FEE0C /* AFURLSessionManager.m */ = {isa = PBXFileReference; fileEncoding = 4; lastKnownFileType = sourcecode.c.objc; path = AFURLSessionManager.m; sourceTree = "<group>"; };
		0B55C86D19BD60C7002FEE0C /* AFNetworking.podspec */ = {isa = PBXFileReference; fileEncoding = 4; lastKnownFileType = text; path = AFNetworking.podspec; sourceTree = "<group>"; };
		0B55C86E19BD60C7002FEE0C /* AFNetworking.xcworkspace */ = {isa = PBXFileReference; lastKnownFileType = wrapper.workspace; path = AFNetworking.xcworkspace; sourceTree = "<group>"; };
		0B55C86F19BD60C7002FEE0C /* CHANGES */ = {isa = PBXFileReference; fileEncoding = 4; lastKnownFileType = text; path = CHANGES; sourceTree = "<group>"; };
		0B55C87019BD60C7002FEE0C /* CONTRIBUTING.md */ = {isa = PBXFileReference; fileEncoding = 4; lastKnownFileType = text; path = CONTRIBUTING.md; sourceTree = "<group>"; };
		0B55C89B19BD60C7002FEE0C /* LICENSE */ = {isa = PBXFileReference; fileEncoding = 4; lastKnownFileType = text; path = LICENSE; sourceTree = "<group>"; };
		0B55C89C19BD60C7002FEE0C /* Rakefile */ = {isa = PBXFileReference; fileEncoding = 4; lastKnownFileType = text; path = Rakefile; sourceTree = "<group>"; };
		0B55C89D19BD60C7002FEE0C /* README.md */ = {isa = PBXFileReference; fileEncoding = 4; lastKnownFileType = text; path = README.md; sourceTree = "<group>"; };
		0B55C8DB19BD60C7002FEE0C /* AFNetworkActivityIndicatorManager.h */ = {isa = PBXFileReference; fileEncoding = 4; lastKnownFileType = sourcecode.c.h; path = AFNetworkActivityIndicatorManager.h; sourceTree = "<group>"; };
		0B55C8DC19BD60C7002FEE0C /* AFNetworkActivityIndicatorManager.m */ = {isa = PBXFileReference; fileEncoding = 4; lastKnownFileType = sourcecode.c.objc; path = AFNetworkActivityIndicatorManager.m; sourceTree = "<group>"; };
		0B55C8DD19BD60C7002FEE0C /* UIActivityIndicatorView+AFNetworking.h */ = {isa = PBXFileReference; fileEncoding = 4; lastKnownFileType = sourcecode.c.h; path = "UIActivityIndicatorView+AFNetworking.h"; sourceTree = "<group>"; };
		0B55C8DE19BD60C7002FEE0C /* UIActivityIndicatorView+AFNetworking.m */ = {isa = PBXFileReference; fileEncoding = 4; lastKnownFileType = sourcecode.c.objc; path = "UIActivityIndicatorView+AFNetworking.m"; sourceTree = "<group>"; };
		0B55C8DF19BD60C7002FEE0C /* UIAlertView+AFNetworking.h */ = {isa = PBXFileReference; fileEncoding = 4; lastKnownFileType = sourcecode.c.h; path = "UIAlertView+AFNetworking.h"; sourceTree = "<group>"; };
		0B55C8E019BD60C7002FEE0C /* UIAlertView+AFNetworking.m */ = {isa = PBXFileReference; fileEncoding = 4; lastKnownFileType = sourcecode.c.objc; path = "UIAlertView+AFNetworking.m"; sourceTree = "<group>"; };
		0B55C8E119BD60C7002FEE0C /* UIButton+AFNetworking.h */ = {isa = PBXFileReference; fileEncoding = 4; lastKnownFileType = sourcecode.c.h; path = "UIButton+AFNetworking.h"; sourceTree = "<group>"; };
		0B55C8E219BD60C7002FEE0C /* UIButton+AFNetworking.m */ = {isa = PBXFileReference; fileEncoding = 4; lastKnownFileType = sourcecode.c.objc; path = "UIButton+AFNetworking.m"; sourceTree = "<group>"; };
		0B55C8E319BD60C7002FEE0C /* UIImageView+AFNetworking.h */ = {isa = PBXFileReference; fileEncoding = 4; lastKnownFileType = sourcecode.c.h; path = "UIImageView+AFNetworking.h"; sourceTree = "<group>"; };
		0B55C8E419BD60C7002FEE0C /* UIImageView+AFNetworking.m */ = {isa = PBXFileReference; fileEncoding = 4; lastKnownFileType = sourcecode.c.objc; path = "UIImageView+AFNetworking.m"; sourceTree = "<group>"; };
		0B55C8E519BD60C7002FEE0C /* UIKit+AFNetworking.h */ = {isa = PBXFileReference; fileEncoding = 4; lastKnownFileType = sourcecode.c.h; path = "UIKit+AFNetworking.h"; sourceTree = "<group>"; };
		0B55C8E619BD60C7002FEE0C /* UIProgressView+AFNetworking.h */ = {isa = PBXFileReference; fileEncoding = 4; lastKnownFileType = sourcecode.c.h; path = "UIProgressView+AFNetworking.h"; sourceTree = "<group>"; };
		0B55C8E719BD60C7002FEE0C /* UIProgressView+AFNetworking.m */ = {isa = PBXFileReference; fileEncoding = 4; lastKnownFileType = sourcecode.c.objc; path = "UIProgressView+AFNetworking.m"; sourceTree = "<group>"; };
		0B55C8E819BD60C7002FEE0C /* UIRefreshControl+AFNetworking.h */ = {isa = PBXFileReference; fileEncoding = 4; lastKnownFileType = sourcecode.c.h; path = "UIRefreshControl+AFNetworking.h"; sourceTree = "<group>"; };
		0B55C8E919BD60C7002FEE0C /* UIRefreshControl+AFNetworking.m */ = {isa = PBXFileReference; fileEncoding = 4; lastKnownFileType = sourcecode.c.objc; path = "UIRefreshControl+AFNetworking.m"; sourceTree = "<group>"; };
		0B55C8EA19BD60C7002FEE0C /* UIWebView+AFNetworking.h */ = {isa = PBXFileReference; fileEncoding = 4; lastKnownFileType = sourcecode.c.h; path = "UIWebView+AFNetworking.h"; sourceTree = "<group>"; };
		0B55C8EB19BD60C7002FEE0C /* UIWebView+AFNetworking.m */ = {isa = PBXFileReference; fileEncoding = 4; lastKnownFileType = sourcecode.c.objc; path = "UIWebView+AFNetworking.m"; sourceTree = "<group>"; };
		0B653FEF1947BCFD00C78028 /* CourseDetailViewController.h */ = {isa = PBXFileReference; fileEncoding = 4; lastKnownFileType = sourcecode.c.h; path = CourseDetailViewController.h; sourceTree = "<group>"; };
		0B653FF01947BCFD00C78028 /* CourseDetailViewController.m */ = {isa = PBXFileReference; fileEncoding = 4; lastKnownFileType = sourcecode.c.objc; path = CourseDetailViewController.m; sourceTree = "<group>"; };
		0B71092419C92CD5000FBCF7 /* ContactCollectionCell.h */ = {isa = PBXFileReference; fileEncoding = 4; lastKnownFileType = sourcecode.c.h; path = ContactCollectionCell.h; sourceTree = "<group>"; };
		0B71092519C92CD5000FBCF7 /* ContactCollectionCell.m */ = {isa = PBXFileReference; fileEncoding = 4; lastKnownFileType = sourcecode.c.objc; path = ContactCollectionCell.m; sourceTree = "<group>"; };
		0B7299F9197A68E50044B46C /* FBLoginCell.h */ = {isa = PBXFileReference; fileEncoding = 4; lastKnownFileType = sourcecode.c.h; path = FBLoginCell.h; sourceTree = "<group>"; };
		0B7299FA197A68E50044B46C /* FBLoginCell.m */ = {isa = PBXFileReference; fileEncoding = 4; lastKnownFileType = sourcecode.c.objc; path = FBLoginCell.m; sourceTree = "<group>"; };
		0B761C1D197F2DD40035620C /* BG.png */ = {isa = PBXFileReference; lastKnownFileType = image.png; name = BG.png; path = Images/BG.png; sourceTree = "<group>"; };
		0B77469018AD4008006E0550 /* fb_default.jpg */ = {isa = PBXFileReference; lastKnownFileType = image.jpeg; path = fb_default.jpg; sourceTree = "<group>"; };
		0B8E0BA518A2099100863181 /* UMD Schedule.app */ = {isa = PBXFileReference; explicitFileType = wrapper.application; includeInIndex = 0; path = "UMD Schedule.app"; sourceTree = BUILT_PRODUCTS_DIR; };
		0B8E0BA818A2099100863181 /* Foundation.framework */ = {isa = PBXFileReference; lastKnownFileType = wrapper.framework; name = Foundation.framework; path = System/Library/Frameworks/Foundation.framework; sourceTree = SDKROOT; };
		0B8E0BAA18A2099100863181 /* CoreGraphics.framework */ = {isa = PBXFileReference; lastKnownFileType = wrapper.framework; name = CoreGraphics.framework; path = System/Library/Frameworks/CoreGraphics.framework; sourceTree = SDKROOT; };
		0B8E0BAC18A2099100863181 /* UIKit.framework */ = {isa = PBXFileReference; lastKnownFileType = wrapper.framework; name = UIKit.framework; path = System/Library/Frameworks/UIKit.framework; sourceTree = SDKROOT; };
		0B8E0BB018A2099100863181 /* UMDSocialScheduler-Info.plist */ = {isa = PBXFileReference; lastKnownFileType = text.plist.xml; path = "UMDSocialScheduler-Info.plist"; sourceTree = "<group>"; };
		0B8E0BB218A2099100863181 /* en */ = {isa = PBXFileReference; lastKnownFileType = text.plist.strings; name = en; path = en.lproj/InfoPlist.strings; sourceTree = "<group>"; };
		0B8E0BB418A2099100863181 /* main.m */ = {isa = PBXFileReference; lastKnownFileType = sourcecode.c.objc; path = main.m; sourceTree = "<group>"; };
		0B8E0BB618A2099100863181 /* UMDSocialScheduler-Prefix.pch */ = {isa = PBXFileReference; lastKnownFileType = sourcecode.c.h; path = "UMDSocialScheduler-Prefix.pch"; sourceTree = "<group>"; };
		0B8E0BB718A2099100863181 /* SocialSchedulerAppDelegate.h */ = {isa = PBXFileReference; lastKnownFileType = sourcecode.c.h; path = SocialSchedulerAppDelegate.h; sourceTree = "<group>"; };
		0B8E0BB818A2099100863181 /* SocialSchedulerAppDelegate.m */ = {isa = PBXFileReference; lastKnownFileType = sourcecode.c.objc; path = SocialSchedulerAppDelegate.m; sourceTree = "<group>"; };
		0B8E0BBB18A2099100863181 /* Base */ = {isa = PBXFileReference; lastKnownFileType = file.storyboard; name = Base; path = Base.lproj/Main.storyboard; sourceTree = "<group>"; };
		0B8E0BBD18A2099100863181 /* SocialSchedulerFirstViewController.h */ = {isa = PBXFileReference; lastKnownFileType = sourcecode.c.h; path = SocialSchedulerFirstViewController.h; sourceTree = "<group>"; };
		0B8E0BBE18A2099100863181 /* SocialSchedulerFirstViewController.m */ = {isa = PBXFileReference; lastKnownFileType = sourcecode.c.objc; path = SocialSchedulerFirstViewController.m; sourceTree = "<group>"; };
		0B8E0BC018A2099100863181 /* SocialSchedulerSecondViewController.h */ = {isa = PBXFileReference; lastKnownFileType = sourcecode.c.h; path = SocialSchedulerSecondViewController.h; sourceTree = "<group>"; };
		0B8E0BC118A2099100863181 /* SocialSchedulerSecondViewController.m */ = {isa = PBXFileReference; lastKnownFileType = sourcecode.c.objc; path = SocialSchedulerSecondViewController.m; sourceTree = "<group>"; };
		0B8E0BC318A2099100863181 /* Images.xcassets */ = {isa = PBXFileReference; lastKnownFileType = folder.assetcatalog; path = Images.xcassets; sourceTree = "<group>"; };
		0B8E0BC918A2099100863181 /* UMDSocialSchedulerTests.xctest */ = {isa = PBXFileReference; explicitFileType = wrapper.cfbundle; includeInIndex = 0; path = UMDSocialSchedulerTests.xctest; sourceTree = BUILT_PRODUCTS_DIR; };
		0B8E0BCA18A2099100863181 /* XCTest.framework */ = {isa = PBXFileReference; lastKnownFileType = wrapper.framework; name = XCTest.framework; path = Library/Frameworks/XCTest.framework; sourceTree = DEVELOPER_DIR; };
		0B8E0BD218A2099100863181 /* UMDSocialSchedulerTests-Info.plist */ = {isa = PBXFileReference; lastKnownFileType = text.plist.xml; path = "UMDSocialSchedulerTests-Info.plist"; sourceTree = "<group>"; };
		0B8E0BD418A2099100863181 /* en */ = {isa = PBXFileReference; lastKnownFileType = text.plist.strings; name = en; path = en.lproj/InfoPlist.strings; sourceTree = "<group>"; };
		0B8E0BD618A2099100863181 /* UMDSocialSchedulerTests.m */ = {isa = PBXFileReference; lastKnownFileType = sourcecode.c.objc; path = UMDSocialSchedulerTests.m; sourceTree = "<group>"; };
		0B8E0BF118A3701500863181 /* LoginViewController.h */ = {isa = PBXFileReference; fileEncoding = 4; lastKnownFileType = sourcecode.c.h; path = LoginViewController.h; sourceTree = "<group>"; };
		0B8E0BF218A3701500863181 /* LoginViewController.m */ = {isa = PBXFileReference; fileEncoding = 4; lastKnownFileType = sourcecode.c.objc; path = LoginViewController.m; sourceTree = "<group>"; };
		0B8E0BF518A5EB8100863181 /* FacebookFriendsViewController.h */ = {isa = PBXFileReference; fileEncoding = 4; lastKnownFileType = sourcecode.c.h; path = FacebookFriendsViewController.h; sourceTree = "<group>"; };
		0B8E0BF618A5EB8100863181 /* FacebookFriendsViewController.m */ = {isa = PBXFileReference; fileEncoding = 4; lastKnownFileType = sourcecode.c.objc; path = FacebookFriendsViewController.m; sourceTree = "<group>"; };
		0BA0CB8518A86F8B005AAFD5 /* CourseCell.h */ = {isa = PBXFileReference; fileEncoding = 4; lastKnownFileType = sourcecode.c.h; path = CourseCell.h; sourceTree = "<group>"; };
		0BA0CB8618A86F8B005AAFD5 /* CourseCell.m */ = {isa = PBXFileReference; fileEncoding = 4; lastKnownFileType = sourcecode.c.objc; path = CourseCell.m; sourceTree = "<group>"; };
		0BA0CB8818A87CD2005AAFD5 /* ContactCell.h */ = {isa = PBXFileReference; fileEncoding = 4; lastKnownFileType = sourcecode.c.h; path = ContactCell.h; sourceTree = "<group>"; };
		0BA0CB8918A87CD2005AAFD5 /* ContactCell.m */ = {isa = PBXFileReference; fileEncoding = 4; lastKnownFileType = sourcecode.c.objc; path = ContactCell.m; sourceTree = "<group>"; };
		0BA8C12118AB1BB4000F3734 /* AppIcon29x29.png */ = {isa = PBXFileReference; lastKnownFileType = image.png; path = AppIcon29x29.png; sourceTree = "<group>"; };
		0BA8C12218AB1BB4000F3734 /* AppIcon29x29@2x.png */ = {isa = PBXFileReference; lastKnownFileType = image.png; path = "AppIcon29x29@2x.png"; sourceTree = "<group>"; };
		0BA8C12318AB1BB4000F3734 /* AppIcon40x40.png */ = {isa = PBXFileReference; lastKnownFileType = image.png; path = AppIcon40x40.png; sourceTree = "<group>"; };
		0BA8C12418AB1BB4000F3734 /* AppIcon40x40@2x.png */ = {isa = PBXFileReference; lastKnownFileType = image.png; path = "AppIcon40x40@2x.png"; sourceTree = "<group>"; };
		0BA8C12518AB1BB4000F3734 /* AppIcon50x50.png */ = {isa = PBXFileReference; lastKnownFileType = image.png; path = AppIcon50x50.png; sourceTree = "<group>"; };
		0BA8C12618AB1BB4000F3734 /* AppIcon50x50@2x.png */ = {isa = PBXFileReference; lastKnownFileType = image.png; path = "AppIcon50x50@2x.png"; sourceTree = "<group>"; };
		0BA8C12718AB1BB4000F3734 /* AppIcon57x57.png */ = {isa = PBXFileReference; lastKnownFileType = image.png; path = AppIcon57x57.png; sourceTree = "<group>"; };
		0BA8C12818AB1BB4000F3734 /* AppIcon57x57@2x.png */ = {isa = PBXFileReference; lastKnownFileType = image.png; path = "AppIcon57x57@2x.png"; sourceTree = "<group>"; };
		0BA8C12918AB1BB4000F3734 /* AppIcon60x60.png */ = {isa = PBXFileReference; lastKnownFileType = image.png; path = AppIcon60x60.png; sourceTree = "<group>"; };
		0BA8C12A18AB1BB4000F3734 /* AppIcon60x60@2x.png */ = {isa = PBXFileReference; lastKnownFileType = image.png; path = "AppIcon60x60@2x.png"; sourceTree = "<group>"; };
		0BA8C12B18AB1BB4000F3734 /* AppIcon72x72.png */ = {isa = PBXFileReference; lastKnownFileType = image.png; path = AppIcon72x72.png; sourceTree = "<group>"; };
		0BA8C12C18AB1BB4000F3734 /* AppIcon72x72@2x.png */ = {isa = PBXFileReference; lastKnownFileType = image.png; path = "AppIcon72x72@2x.png"; sourceTree = "<group>"; };
		0BA8C12D18AB1BB4000F3734 /* AppIcon76x76.png */ = {isa = PBXFileReference; lastKnownFileType = image.png; path = AppIcon76x76.png; sourceTree = "<group>"; };
		0BA8C12E18AB1BB4000F3734 /* AppIcon76x76@2x.png */ = {isa = PBXFileReference; lastKnownFileType = image.png; path = "AppIcon76x76@2x.png"; sourceTree = "<group>"; };
		0BA8C12F18AB1BB4000F3734 /* iTunesArtwork.png */ = {isa = PBXFileReference; lastKnownFileType = image.png; path = iTunesArtwork.png; sourceTree = "<group>"; };
		0BA8C13018AB1BB4000F3734 /* iTunesArtwork@2x.png */ = {isa = PBXFileReference; lastKnownFileType = image.png; path = "iTunesArtwork@2x.png"; sourceTree = "<group>"; };
		0BB97CBE1A83D9430044B883 /* FBUserSettingsViewResources.bundle */ = {isa = PBXFileReference; lastKnownFileType = "wrapper.plug-in"; path = FBUserSettingsViewResources.bundle; sourceTree = "<group>"; };
		0BB97CC01A83D9930044B883 /* FacebookSDK.framework */ = {isa = PBXFileReference; lastKnownFileType = wrapper.framework; path = FacebookSDK.framework; sourceTree = "<group>"; };
		0BBF51511A96DDFA00450882 /* Bolts.framework */ = {isa = PBXFileReference; lastKnownFileType = wrapper.framework; name = Bolts.framework; path = "../Frameworks/parse-library-1-2/Bolts.framework"; sourceTree = "<group>"; };
		0BBF51521A96DDFA00450882 /* Parse.framework */ = {isa = PBXFileReference; lastKnownFileType = wrapper.framework; name = Parse.framework; path = "../Frameworks/parse-library-1-2/Parse.framework"; sourceTree = "<group>"; };
		0BBF51531A96DDFA00450882 /* ParseCrashReporting.framework */ = {isa = PBXFileReference; lastKnownFileType = wrapper.framework; name = ParseCrashReporting.framework; path = "../Frameworks/parse-library-1-2/ParseCrashReporting.framework"; sourceTree = "<group>"; };
		0BBF51541A96DDFA00450882 /* ParseFacebookUtils.framework */ = {isa = PBXFileReference; lastKnownFileType = wrapper.framework; name = ParseFacebookUtils.framework; path = "../Frameworks/parse-library-1-2/ParseFacebookUtils.framework"; sourceTree = "<group>"; };
		0BBF51551A96DDFA00450882 /* ParseUI.framework */ = {isa = PBXFileReference; lastKnownFileType = wrapper.framework; name = ParseUI.framework; path = "../Frameworks/parse-library-1-2/ParseUI.framework"; sourceTree = "<group>"; };
		0BBF515B1A96F1B600450882 /* AudioToolbox.framework */ = {isa = PBXFileReference; lastKnownFileType = wrapper.framework; name = AudioToolbox.framework; path = System/Library/Frameworks/AudioToolbox.framework; sourceTree = SDKROOT; };
		0BBF515D1A96F1BD00450882 /* CFNetwork.framework */ = {isa = PBXFileReference; lastKnownFileType = wrapper.framework; name = CFNetwork.framework; path = System/Library/Frameworks/CFNetwork.framework; sourceTree = SDKROOT; };
		0BBF515F1A96F1D000450882 /* CoreLocation.framework */ = {isa = PBXFileReference; lastKnownFileType = wrapper.framework; name = CoreLocation.framework; path = System/Library/Frameworks/CoreLocation.framework; sourceTree = SDKROOT; };
		0BBF51611A96F1E200450882 /* MobileCoreServices.framework */ = {isa = PBXFileReference; lastKnownFileType = wrapper.framework; name = MobileCoreServices.framework; path = System/Library/Frameworks/MobileCoreServices.framework; sourceTree = SDKROOT; };
		0BBF51641A96F20500450882 /* Security.framework */ = {isa = PBXFileReference; lastKnownFileType = wrapper.framework; name = Security.framework; path = System/Library/Frameworks/Security.framework; sourceTree = SDKROOT; };
		0BBF51661A96F20D00450882 /* StoreKit.framework */ = {isa = PBXFileReference; lastKnownFileType = wrapper.framework; name = StoreKit.framework; path = System/Library/Frameworks/StoreKit.framework; sourceTree = SDKROOT; };
		0BBF51681A96F21400450882 /* SystemConfiguration.framework */ = {isa = PBXFileReference; lastKnownFileType = wrapper.framework; name = SystemConfiguration.framework; path = System/Library/Frameworks/SystemConfiguration.framework; sourceTree = SDKROOT; };
		0BBF516A1A96F22100450882 /* libsqlite3.dylib */ = {isa = PBXFileReference; lastKnownFileType = "compiled.mach-o.dylib"; name = libsqlite3.dylib; path = usr/lib/libsqlite3.dylib; sourceTree = SDKROOT; };
		0BBF516D1A97937700450882 /* UIImage+Trim.h */ = {isa = PBXFileReference; fileEncoding = 4; lastKnownFileType = sourcecode.c.h; path = "UIImage+Trim.h"; sourceTree = "<group>"; };
		0BBF516E1A97937700450882 /* UIImage+Trim.m */ = {isa = PBXFileReference; fileEncoding = 4; lastKnownFileType = sourcecode.c.objc; path = "UIImage+Trim.m"; sourceTree = "<group>"; };
		0BBF51721A9927FF00450882 /* AccessKeys.h */ = {isa = PBXFileReference; fileEncoding = 4; lastKnownFileType = sourcecode.c.h; path = AccessKeys.h; sourceTree = "<group>"; };
		0BBF51731A9927FF00450882 /* AccessKeys.m */ = {isa = PBXFileReference; fileEncoding = 4; lastKnownFileType = sourcecode.c.objc; path = AccessKeys.m; sourceTree = "<group>"; };
		0BBF51751A993FCA00450882 /* ScheduleManager.h */ = {isa = PBXFileReference; fileEncoding = 4; lastKnownFileType = sourcecode.c.h; path = ScheduleManager.h; sourceTree = "<group>"; };
		0BBF51761A993FCA00450882 /* ScheduleManager.m */ = {isa = PBXFileReference; fileEncoding = 4; lastKnownFileType = sourcecode.c.objc; path = ScheduleManager.m; sourceTree = "<group>"; };
		0BC9322119465E0A00237EF2 /* Settings.bundle */ = {isa = PBXFileReference; lastKnownFileType = "wrapper.plug-in"; path = Settings.bundle; sourceTree = "<group>"; };
		0BC94460198B093500BD3140 /* ScheduleTheaterViewController.h */ = {isa = PBXFileReference; fileEncoding = 4; lastKnownFileType = sourcecode.c.h; path = ScheduleTheaterViewController.h; sourceTree = "<group>"; };
		0BC94461198B093500BD3140 /* ScheduleTheaterViewController.m */ = {isa = PBXFileReference; fileEncoding = 4; lastKnownFileType = sourcecode.c.objc; path = ScheduleTheaterViewController.m; sourceTree = "<group>"; };
		0BC9A2331948D0F20048562F /* MapKit.framework */ = {isa = PBXFileReference; lastKnownFileType = wrapper.framework; name = MapKit.framework; path = System/Library/Frameworks/MapKit.framework; sourceTree = SDKROOT; };
		0BCAB20E197F6F0C006FC406 /* Launcher.png */ = {isa = PBXFileReference; lastKnownFileType = image.png; name = Launcher.png; path = Images/Launcher.png; sourceTree = "<group>"; };
		0BCAB210197F70A1006FC406 /* R4Launcher.png */ = {isa = PBXFileReference; lastKnownFileType = image.png; name = R4Launcher.png; path = Images/R4Launcher.png; sourceTree = "<group>"; };
		0BCAB212197F7198006FC406 /* ipad1xLauncher.png */ = {isa = PBXFileReference; lastKnownFileType = image.png; name = ipad1xLauncher.png; path = Images/ipad1xLauncher.png; sourceTree = "<group>"; };
		0BCAB213197F7198006FC406 /* ipad2xLauncher.png */ = {isa = PBXFileReference; lastKnownFileType = image.png; name = ipad2xLauncher.png; path = Images/ipad2xLauncher.png; sourceTree = "<group>"; };
		0BD6925219534765007C6081 /* EventKit.framework */ = {isa = PBXFileReference; lastKnownFileType = wrapper.framework; name = EventKit.framework; path = System/Library/Frameworks/EventKit.framework; sourceTree = SDKROOT; };
		0BD797FA19C9D6B500DFD1CF /* CourseSplitViewController.h */ = {isa = PBXFileReference; fileEncoding = 4; lastKnownFileType = sourcecode.c.h; path = CourseSplitViewController.h; sourceTree = "<group>"; };
		0BD797FB19C9D6B500DFD1CF /* CourseSplitViewController.m */ = {isa = PBXFileReference; fileEncoding = 4; lastKnownFileType = sourcecode.c.objc; path = CourseSplitViewController.m; sourceTree = "<group>"; };
		0BDC091D18A9F5D500BC82CE /* libTestFlight.a */ = {isa = PBXFileReference; lastKnownFileType = archive.ar; path = libTestFlight.a; sourceTree = "<group>"; };
		0BDC091E18A9F5D500BC82CE /* README.md */ = {isa = PBXFileReference; fileEncoding = 4; lastKnownFileType = text; path = README.md; sourceTree = "<group>"; };
		0BDC091F18A9F5D500BC82CE /* release_notes.md */ = {isa = PBXFileReference; fileEncoding = 4; lastKnownFileType = text; path = release_notes.md; sourceTree = "<group>"; };
		0BDC092018A9F5D500BC82CE /* TestFlight+AsyncLogging.h */ = {isa = PBXFileReference; fileEncoding = 4; lastKnownFileType = sourcecode.c.h; path = "TestFlight+AsyncLogging.h"; sourceTree = "<group>"; };
		0BDC092118A9F5D500BC82CE /* TestFlight+ManualSessions.h */ = {isa = PBXFileReference; fileEncoding = 4; lastKnownFileType = sourcecode.c.h; path = "TestFlight+ManualSessions.h"; sourceTree = "<group>"; };
		0BDC092218A9F5D500BC82CE /* TestFlight.h */ = {isa = PBXFileReference; fileEncoding = 4; lastKnownFileType = sourcecode.c.h; path = TestFlight.h; sourceTree = "<group>"; };
		0BDC092618A9F68500BC82CE /* libz.dylib */ = {isa = PBXFileReference; lastKnownFileType = "compiled.mach-o.dylib"; name = libz.dylib; path = usr/lib/libz.dylib; sourceTree = SDKROOT; };
		0BDC092818AAAB0700BC82CE /* ClassContactCell.h */ = {isa = PBXFileReference; fileEncoding = 4; lastKnownFileType = sourcecode.c.h; path = ClassContactCell.h; sourceTree = "<group>"; };
		0BDC092918AAAB0700BC82CE /* ClassContactCell.m */ = {isa = PBXFileReference; fileEncoding = 4; lastKnownFileType = sourcecode.c.objc; path = ClassContactCell.m; sourceTree = "<group>"; };
		0BF6120D19B7F868005A8DBB /* ClassesViewController.h */ = {isa = PBXFileReference; fileEncoding = 4; lastKnownFileType = sourcecode.c.h; path = ClassesViewController.h; sourceTree = "<group>"; };
		0BF6120E19B7F868005A8DBB /* ClassesViewController.m */ = {isa = PBXFileReference; fileEncoding = 4; lastKnownFileType = sourcecode.c.objc; path = ClassesViewController.m; sourceTree = "<group>"; };
		0BF6121019B8047D005A8DBB /* CourseCollectionCell.h */ = {isa = PBXFileReference; fileEncoding = 4; lastKnownFileType = sourcecode.c.h; path = CourseCollectionCell.h; sourceTree = "<group>"; };
		0BF6121119B8047D005A8DBB /* CourseCollectionCell.m */ = {isa = PBXFileReference; fileEncoding = 4; lastKnownFileType = sourcecode.c.objc; path = CourseCollectionCell.m; sourceTree = "<group>"; };
		0BFF8B1018AE899600817BFD /* Reachability.h */ = {isa = PBXFileReference; fileEncoding = 4; lastKnownFileType = sourcecode.c.h; path = Reachability.h; sourceTree = "<group>"; };
		0BFF8B1118AE899600817BFD /* Reachability.m */ = {isa = PBXFileReference; fileEncoding = 4; lastKnownFileType = sourcecode.c.objc; path = Reachability.m; sourceTree = "<group>"; };
/* End PBXFileReference section */

/* Begin PBXFrameworksBuildPhase section */
		0B8E0BA218A2099100863181 /* Frameworks */ = {
			isa = PBXFrameworksBuildPhase;
			buildActionMask = 2147483647;
			files = (
				0BBF516C1A96F2B400450882 /* StoreKit.framework in Frameworks */,
				0BBF516B1A96F22100450882 /* libsqlite3.dylib in Frameworks */,
				0BDC092718A9F68500BC82CE /* libz.dylib in Frameworks */,
				0BBF515C1A96F1B600450882 /* AudioToolbox.framework in Frameworks */,
				0BBF515E1A96F1BD00450882 /* CFNetwork.framework in Frameworks */,
				0BBF51631A96F1F700450882 /* CoreGraphics.framework in Frameworks */,
				0BBF51601A96F1D000450882 /* CoreLocation.framework in Frameworks */,
				0BBF51621A96F1E200450882 /* MobileCoreServices.framework in Frameworks */,
				0B3B89D5197DB4AB00E89B12 /* QuartzCore.framework in Frameworks */,
				0BBF51651A96F20500450882 /* Security.framework in Frameworks */,
				0BBF51691A96F21400450882 /* SystemConfiguration.framework in Frameworks */,
				0BBF51561A96DDFA00450882 /* Bolts.framework in Frameworks */,
				0BBF51571A96DDFA00450882 /* Parse.framework in Frameworks */,
				0BBF51581A96DDFA00450882 /* ParseCrashReporting.framework in Frameworks */,
				0BBF51591A96DDFA00450882 /* ParseFacebookUtils.framework in Frameworks */,
				0BBF515A1A96DDFA00450882 /* ParseUI.framework in Frameworks */,
				0BD6925319534765007C6081 /* EventKit.framework in Frameworks */,
				0BC9A2341948D0F20048562F /* MapKit.framework in Frameworks */,
				0BB97CC11A83D9930044B883 /* FacebookSDK.framework in Frameworks */,
				0B8E0BAD18A2099100863181 /* UIKit.framework in Frameworks */,
				0BDC092318A9F5D500BC82CE /* libTestFlight.a in Frameworks */,
				0B8E0BA918A2099100863181 /* Foundation.framework in Frameworks */,
			);
			runOnlyForDeploymentPostprocessing = 0;
		};
		0B8E0BC618A2099100863181 /* Frameworks */ = {
			isa = PBXFrameworksBuildPhase;
			buildActionMask = 2147483647;
			files = (
				0B8E0BCB18A2099100863181 /* XCTest.framework in Frameworks */,
				0B8E0BCD18A2099100863181 /* UIKit.framework in Frameworks */,
				0B8E0BCC18A2099100863181 /* Foundation.framework in Frameworks */,
			);
			runOnlyForDeploymentPostprocessing = 0;
		};
/* End PBXFrameworksBuildPhase section */

/* Begin PBXGroup section */
		0B4386B618AAFB8700D50DFC /* iPad */ = {
			isa = PBXGroup;
			children = (
				0B4386B718AAFBF200D50DFC /* SocialSchedulerIpad.storyboard */,
			);
			name = iPad;
			sourceTree = "<group>";
		};
		0B55C85519BD60C7002FEE0C /* AFNetworking-2.4.0 */ = {
			isa = PBXGroup;
			children = (
				0B55C85619BD60C7002FEE0C /* .cocoadocs.yml */,
				0B55C85719BD60C7002FEE0C /* .gitignore */,
				0B55C85819BD60C7002FEE0C /* .travis.yml */,
				0B55C85919BD60C7002FEE0C /* AFNetworking */,
				0B55C86D19BD60C7002FEE0C /* AFNetworking.podspec */,
				0B55C86E19BD60C7002FEE0C /* AFNetworking.xcworkspace */,
				0B55C86F19BD60C7002FEE0C /* CHANGES */,
				0B55C87019BD60C7002FEE0C /* CONTRIBUTING.md */,
				0B55C89B19BD60C7002FEE0C /* LICENSE */,
				0B55C89C19BD60C7002FEE0C /* Rakefile */,
				0B55C89D19BD60C7002FEE0C /* README.md */,
				0B55C8DA19BD60C7002FEE0C /* UIKit+AFNetworking */,
			);
			path = "AFNetworking-2.4.0";
			sourceTree = "<group>";
		};
		0B55C85919BD60C7002FEE0C /* AFNetworking */ = {
			isa = PBXGroup;
			children = (
				0B55C85A19BD60C7002FEE0C /* AFHTTPRequestOperation.h */,
				0B55C85B19BD60C7002FEE0C /* AFHTTPRequestOperation.m */,
				0B55C85C19BD60C7002FEE0C /* AFHTTPRequestOperationManager.h */,
				0B55C85D19BD60C7002FEE0C /* AFHTTPRequestOperationManager.m */,
				0B55C85E19BD60C7002FEE0C /* AFHTTPSessionManager.h */,
				0B55C85F19BD60C7002FEE0C /* AFHTTPSessionManager.m */,
				0B55C86019BD60C7002FEE0C /* AFNetworking.h */,
				0B55C86119BD60C7002FEE0C /* AFNetworkReachabilityManager.h */,
				0B55C86219BD60C7002FEE0C /* AFNetworkReachabilityManager.m */,
				0B55C86319BD60C7002FEE0C /* AFSecurityPolicy.h */,
				0B55C86419BD60C7002FEE0C /* AFSecurityPolicy.m */,
				0B55C86519BD60C7002FEE0C /* AFURLConnectionOperation.h */,
				0B55C86619BD60C7002FEE0C /* AFURLConnectionOperation.m */,
				0B55C86719BD60C7002FEE0C /* AFURLRequestSerialization.h */,
				0B55C86819BD60C7002FEE0C /* AFURLRequestSerialization.m */,
				0B55C86919BD60C7002FEE0C /* AFURLResponseSerialization.h */,
				0B55C86A19BD60C7002FEE0C /* AFURLResponseSerialization.m */,
				0B55C86B19BD60C7002FEE0C /* AFURLSessionManager.h */,
				0B55C86C19BD60C7002FEE0C /* AFURLSessionManager.m */,
			);
			path = AFNetworking;
			sourceTree = "<group>";
		};
		0B55C8DA19BD60C7002FEE0C /* UIKit+AFNetworking */ = {
			isa = PBXGroup;
			children = (
				0B55C8DB19BD60C7002FEE0C /* AFNetworkActivityIndicatorManager.h */,
				0B55C8DC19BD60C7002FEE0C /* AFNetworkActivityIndicatorManager.m */,
				0B55C8DD19BD60C7002FEE0C /* UIActivityIndicatorView+AFNetworking.h */,
				0B55C8DE19BD60C7002FEE0C /* UIActivityIndicatorView+AFNetworking.m */,
				0B55C8DF19BD60C7002FEE0C /* UIAlertView+AFNetworking.h */,
				0B55C8E019BD60C7002FEE0C /* UIAlertView+AFNetworking.m */,
				0B55C8E119BD60C7002FEE0C /* UIButton+AFNetworking.h */,
				0B55C8E219BD60C7002FEE0C /* UIButton+AFNetworking.m */,
				0B55C8E319BD60C7002FEE0C /* UIImageView+AFNetworking.h */,
				0B55C8E419BD60C7002FEE0C /* UIImageView+AFNetworking.m */,
				0B55C8E519BD60C7002FEE0C /* UIKit+AFNetworking.h */,
				0B55C8E619BD60C7002FEE0C /* UIProgressView+AFNetworking.h */,
				0B55C8E719BD60C7002FEE0C /* UIProgressView+AFNetworking.m */,
				0B55C8E819BD60C7002FEE0C /* UIRefreshControl+AFNetworking.h */,
				0B55C8E919BD60C7002FEE0C /* UIRefreshControl+AFNetworking.m */,
				0B55C8EA19BD60C7002FEE0C /* UIWebView+AFNetworking.h */,
				0B55C8EB19BD60C7002FEE0C /* UIWebView+AFNetworking.m */,
			);
			path = "UIKit+AFNetworking";
			sourceTree = "<group>";
		};
		0B8E0B9C18A2099100863181 = {
			isa = PBXGroup;
			children = (
				0BB97CBE1A83D9430044B883 /* FBUserSettingsViewResources.bundle */,
				0B77469018AD4008006E0550 /* fb_default.jpg */,
				0B761C1D197F2DD40035620C /* BG.png */,
				0BCAB210197F70A1006FC406 /* R4Launcher.png */,
				0BCAB20E197F6F0C006FC406 /* Launcher.png */,
				0BCAB212197F7198006FC406 /* ipad1xLauncher.png */,
				0BCAB213197F7198006FC406 /* ipad2xLauncher.png */,
				0B55C85519BD60C7002FEE0C /* AFNetworking-2.4.0 */,
				0BFF8B0F18AE899600817BFD /* Reachability */,
				0BDC091818A9F59100BC82CE /* Testflight SDK */,
				0B8E0BAE18A2099100863181 /* UMDSocialScheduler */,
				0B8E0BD018A2099100863181 /* UMDSocialSchedulerTests */,
				0B8E0BA718A2099100863181 /* Frameworks */,
				0B8E0BA618A2099100863181 /* Products */,
			);
			sourceTree = "<group>";
		};
		0B8E0BA618A2099100863181 /* Products */ = {
			isa = PBXGroup;
			children = (
				0B8E0BA518A2099100863181 /* UMD Schedule.app */,
				0B8E0BC918A2099100863181 /* UMDSocialSchedulerTests.xctest */,
			);
			name = Products;
			sourceTree = "<group>";
		};
		0B8E0BA718A2099100863181 /* Frameworks */ = {
			isa = PBXGroup;
			children = (
				0BBF516A1A96F22100450882 /* libsqlite3.dylib */,
				0BBF51681A96F21400450882 /* SystemConfiguration.framework */,
				0BBF51661A96F20D00450882 /* StoreKit.framework */,
				0BBF51641A96F20500450882 /* Security.framework */,
				0BBF51611A96F1E200450882 /* MobileCoreServices.framework */,
				0BBF515F1A96F1D000450882 /* CoreLocation.framework */,
				0BBF515D1A96F1BD00450882 /* CFNetwork.framework */,
				0BBF515B1A96F1B600450882 /* AudioToolbox.framework */,
				0BBF51511A96DDFA00450882 /* Bolts.framework */,
				0BBF51521A96DDFA00450882 /* Parse.framework */,
				0BBF51531A96DDFA00450882 /* ParseCrashReporting.framework */,
				0BBF51541A96DDFA00450882 /* ParseFacebookUtils.framework */,
				0BBF51551A96DDFA00450882 /* ParseUI.framework */,
				0BB97CC01A83D9930044B883 /* FacebookSDK.framework */,
				0B3B89D4197DB4AB00E89B12 /* QuartzCore.framework */,
				0BD6925219534765007C6081 /* EventKit.framework */,
				0BC9A2331948D0F20048562F /* MapKit.framework */,
				0BDC092618A9F68500BC82CE /* libz.dylib */,
				0B8E0BA818A2099100863181 /* Foundation.framework */,
				0B8E0BAA18A2099100863181 /* CoreGraphics.framework */,
				0B8E0BAC18A2099100863181 /* UIKit.framework */,
				0B8E0BCA18A2099100863181 /* XCTest.framework */,
			);
			name = Frameworks;
			sourceTree = "<group>";
		};
		0B8E0BAE18A2099100863181 /* UMDSocialScheduler */ = {
			isa = PBXGroup;
			children = (
				0BA8C0FE18AB1A4B000F3734 /* Icons */,
				0B4386B618AAFB8700D50DFC /* iPad */,
				0BA0CB8418A86F4C005AAFD5 /* Model */,
				0B8E0BF418A3704500863181 /* Views */,
				0B8E0BB718A2099100863181 /* SocialSchedulerAppDelegate.h */,
				0B8E0BB818A2099100863181 /* SocialSchedulerAppDelegate.m */,
				0BBF51751A993FCA00450882 /* ScheduleManager.h */,
				0BBF51761A993FCA00450882 /* ScheduleManager.m */,
				0BBF51721A9927FF00450882 /* AccessKeys.h */,
				0BBF51731A9927FF00450882 /* AccessKeys.m */,
				0B8E0BBA18A2099100863181 /* Main.storyboard */,
				0BC9322119465E0A00237EF2 /* Settings.bundle */,
				0B8E0BC318A2099100863181 /* Images.xcassets */,
				0B8E0BAF18A2099100863181 /* Supporting Files */,
			);
			path = UMDSocialScheduler;
			sourceTree = "<group>";
		};
		0B8E0BAF18A2099100863181 /* Supporting Files */ = {
			isa = PBXGroup;
			children = (
				0B8E0BB018A2099100863181 /* UMDSocialScheduler-Info.plist */,
				0B8E0BB118A2099100863181 /* InfoPlist.strings */,
				0B8E0BB418A2099100863181 /* main.m */,
				0B8E0BB618A2099100863181 /* UMDSocialScheduler-Prefix.pch */,
			);
			name = "Supporting Files";
			sourceTree = "<group>";
		};
		0B8E0BD018A2099100863181 /* UMDSocialSchedulerTests */ = {
			isa = PBXGroup;
			children = (
				0B8E0BD618A2099100863181 /* UMDSocialSchedulerTests.m */,
				0B8E0BD118A2099100863181 /* Supporting Files */,
			);
			path = UMDSocialSchedulerTests;
			sourceTree = "<group>";
		};
		0B8E0BD118A2099100863181 /* Supporting Files */ = {
			isa = PBXGroup;
			children = (
				0B8E0BD218A2099100863181 /* UMDSocialSchedulerTests-Info.plist */,
				0B8E0BD318A2099100863181 /* InfoPlist.strings */,
			);
			name = "Supporting Files";
			sourceTree = "<group>";
		};
		0B8E0BF418A3704500863181 /* Views */ = {
			isa = PBXGroup;
			children = (
				0B653FEF1947BCFD00C78028 /* CourseDetailViewController.h */,
				0B653FF01947BCFD00C78028 /* CourseDetailViewController.m */,
				0B8E0BF118A3701500863181 /* LoginViewController.h */,
				0B8E0BF218A3701500863181 /* LoginViewController.m */,
				0B8E0BBD18A2099100863181 /* SocialSchedulerFirstViewController.h */,
				0B8E0BBE18A2099100863181 /* SocialSchedulerFirstViewController.m */,
				0B8E0BC018A2099100863181 /* SocialSchedulerSecondViewController.h */,
				0B8E0BC118A2099100863181 /* SocialSchedulerSecondViewController.m */,
				0B8E0BF518A5EB8100863181 /* FacebookFriendsViewController.h */,
				0B8E0BF618A5EB8100863181 /* FacebookFriendsViewController.m */,
				0BC94460198B093500BD3140 /* ScheduleTheaterViewController.h */,
				0BC94461198B093500BD3140 /* ScheduleTheaterViewController.m */,
				0BF6120D19B7F868005A8DBB /* ClassesViewController.h */,
				0BF6120E19B7F868005A8DBB /* ClassesViewController.m */,
				0BD797FA19C9D6B500DFD1CF /* CourseSplitViewController.h */,
				0BD797FB19C9D6B500DFD1CF /* CourseSplitViewController.m */,
			);
			name = Views;
			sourceTree = "<group>";
		};
		0BA0CB8418A86F4C005AAFD5 /* Model */ = {
			isa = PBXGroup;
			children = (
				0BA0CB8518A86F8B005AAFD5 /* CourseCell.h */,
				0BA0CB8618A86F8B005AAFD5 /* CourseCell.m */,
				0BA0CB8818A87CD2005AAFD5 /* ContactCell.h */,
				0BA0CB8918A87CD2005AAFD5 /* ContactCell.m */,
				0B3C9F7018A9631800506FDC /* ContactScheduleCell.h */,
				0B3C9F7118A9631800506FDC /* ContactScheduleCell.m */,
				0BDC092818AAAB0700BC82CE /* ClassContactCell.h */,
				0BDC092918AAAB0700BC82CE /* ClassContactCell.m */,
				0B7299F9197A68E50044B46C /* FBLoginCell.h */,
				0B7299FA197A68E50044B46C /* FBLoginCell.m */,
				0BF6121019B8047D005A8DBB /* CourseCollectionCell.h */,
				0BF6121119B8047D005A8DBB /* CourseCollectionCell.m */,
				0B71092419C92CD5000FBCF7 /* ContactCollectionCell.h */,
				0B71092519C92CD5000FBCF7 /* ContactCollectionCell.m */,
				0BBF516D1A97937700450882 /* UIImage+Trim.h */,
				0BBF516E1A97937700450882 /* UIImage+Trim.m */,
			);
			name = Model;
			sourceTree = "<group>";
		};
		0BA8C0FE18AB1A4B000F3734 /* Icons */ = {
			isa = PBXGroup;
			children = (
				0BA8C12018AB1BB4000F3734 /* App Icon [Squared] */,
			);
			name = Icons;
			sourceTree = "<group>";
		};
		0BA8C12018AB1BB4000F3734 /* App Icon [Squared] */ = {
			isa = PBXGroup;
			children = (
				0BA8C12118AB1BB4000F3734 /* AppIcon29x29.png */,
				0BA8C12218AB1BB4000F3734 /* AppIcon29x29@2x.png */,
				0BA8C12318AB1BB4000F3734 /* AppIcon40x40.png */,
				0BA8C12418AB1BB4000F3734 /* AppIcon40x40@2x.png */,
				0BA8C12518AB1BB4000F3734 /* AppIcon50x50.png */,
				0BA8C12618AB1BB4000F3734 /* AppIcon50x50@2x.png */,
				0BA8C12718AB1BB4000F3734 /* AppIcon57x57.png */,
				0BA8C12818AB1BB4000F3734 /* AppIcon57x57@2x.png */,
				0BA8C12918AB1BB4000F3734 /* AppIcon60x60.png */,
				0BA8C12A18AB1BB4000F3734 /* AppIcon60x60@2x.png */,
				0BA8C12B18AB1BB4000F3734 /* AppIcon72x72.png */,
				0BA8C12C18AB1BB4000F3734 /* AppIcon72x72@2x.png */,
				0BA8C12D18AB1BB4000F3734 /* AppIcon76x76.png */,
				0BA8C12E18AB1BB4000F3734 /* AppIcon76x76@2x.png */,
				0BA8C12F18AB1BB4000F3734 /* iTunesArtwork.png */,
				0BA8C13018AB1BB4000F3734 /* iTunesArtwork@2x.png */,
			);
			path = "App Icon [Squared]";
			sourceTree = "<group>";
		};
		0BDC091818A9F59100BC82CE /* Testflight SDK */ = {
			isa = PBXGroup;
			children = (
				0BDC091C18A9F5D500BC82CE /* TestFlightSDK2.2.1 */,
			);
			name = "Testflight SDK";
			sourceTree = "<group>";
		};
		0BDC091C18A9F5D500BC82CE /* TestFlightSDK2.2.1 */ = {
			isa = PBXGroup;
			children = (
				0BDC091D18A9F5D500BC82CE /* libTestFlight.a */,
				0BDC091E18A9F5D500BC82CE /* README.md */,
				0BDC091F18A9F5D500BC82CE /* release_notes.md */,
				0BDC092018A9F5D500BC82CE /* TestFlight+AsyncLogging.h */,
				0BDC092118A9F5D500BC82CE /* TestFlight+ManualSessions.h */,
				0BDC092218A9F5D500BC82CE /* TestFlight.h */,
			);
			path = TestFlightSDK2.2.1;
			sourceTree = "<group>";
		};
		0BFF8B0F18AE899600817BFD /* Reachability */ = {
			isa = PBXGroup;
			children = (
				0BFF8B1018AE899600817BFD /* Reachability.h */,
				0BFF8B1118AE899600817BFD /* Reachability.m */,
			);
			path = Reachability;
			sourceTree = "<group>";
		};
/* End PBXGroup section */

/* Begin PBXNativeTarget section */
		0B8E0BA418A2099100863181 /* UMD Schedule */ = {
			isa = PBXNativeTarget;
			buildConfigurationList = 0B8E0BDA18A2099100863181 /* Build configuration list for PBXNativeTarget "UMD Schedule" */;
			buildPhases = (
				0B8E0BA118A2099100863181 /* Sources */,
				0B8E0BA218A2099100863181 /* Frameworks */,
				0B8E0BA318A2099100863181 /* Resources */,
			);
			buildRules = (
			);
			dependencies = (
			);
			name = "UMD Schedule";
			productName = UMDSocialScheduler;
			productReference = 0B8E0BA518A2099100863181 /* UMD Schedule.app */;
			productType = "com.apple.product-type.application";
		};
		0B8E0BC818A2099100863181 /* UMDSocialSchedulerTests */ = {
			isa = PBXNativeTarget;
			buildConfigurationList = 0B8E0BDD18A2099100863181 /* Build configuration list for PBXNativeTarget "UMDSocialSchedulerTests" */;
			buildPhases = (
				0B8E0BC518A2099100863181 /* Sources */,
				0B8E0BC618A2099100863181 /* Frameworks */,
				0B8E0BC718A2099100863181 /* Resources */,
			);
			buildRules = (
			);
			dependencies = (
				0B8E0BCF18A2099100863181 /* PBXTargetDependency */,
			);
			name = UMDSocialSchedulerTests;
			productName = UMDSocialSchedulerTests;
			productReference = 0B8E0BC918A2099100863181 /* UMDSocialSchedulerTests.xctest */;
			productType = "com.apple.product-type.bundle.unit-test";
		};
/* End PBXNativeTarget section */

/* Begin PBXProject section */
		0B8E0B9D18A2099100863181 /* Project object */ = {
			isa = PBXProject;
			attributes = {
				CLASSPREFIX = SocialScheduler;
				LastUpgradeCheck = 0510;
				ORGANIZATIONNAME = DTech;
				TargetAttributes = {
					0B8E0BA418A2099100863181 = {
						DevelopmentTeam = D9ETH9NNFP;
					};
					0B8E0BC818A2099100863181 = {
						TestTargetID = 0B8E0BA418A2099100863181;
					};
				};
			};
			buildConfigurationList = 0B8E0BA018A2099100863181 /* Build configuration list for PBXProject "UMDSocialScheduler" */;
			compatibilityVersion = "Xcode 3.2";
			developmentRegion = English;
			hasScannedForEncodings = 0;
			knownRegions = (
				en,
				Base,
			);
			mainGroup = 0B8E0B9C18A2099100863181;
			productRefGroup = 0B8E0BA618A2099100863181 /* Products */;
			projectDirPath = "";
			projectRoot = "";
			targets = (
				0B8E0BA418A2099100863181 /* UMD Schedule */,
				0B8E0BC818A2099100863181 /* UMDSocialSchedulerTests */,
			);
		};
/* End PBXProject section */

/* Begin PBXResourcesBuildPhase section */
		0B8E0BA318A2099100863181 /* Resources */ = {
			isa = PBXResourcesBuildPhase;
			buildActionMask = 2147483647;
			files = (
				0B55C8ED19BD60C7002FEE0C /* .gitignore in Resources */,
				0B761C1E197F2DD40035620C /* BG.png in Resources */,
				0BA8C13418AB1BB4000F3734 /* AppIcon40x40@2x.png in Resources */,
				0B55C8F819BD60C7002FEE0C /* AFNetworking.podspec in Resources */,
				0B55C8FB19BD60C7002FEE0C /* CONTRIBUTING.md in Resources */,
				0BDC092518A9F5D500BC82CE /* release_notes.md in Resources */,
				0BCAB215197F7198006FC406 /* ipad2xLauncher.png in Resources */,
				0BA8C13D18AB1BB4000F3734 /* AppIcon76x76.png in Resources */,
				0BA8C13518AB1BB4000F3734 /* AppIcon50x50.png in Resources */,
				0BA8C13A18AB1BB4000F3734 /* AppIcon60x60@2x.png in Resources */,
				0BA8C13318AB1BB4000F3734 /* AppIcon40x40.png in Resources */,
				0B55C91219BD60C7002FEE0C /* LICENSE in Resources */,
				0BA8C13718AB1BB4000F3734 /* AppIcon57x57.png in Resources */,
				0BA8C14018AB1BB4000F3734 /* iTunesArtwork@2x.png in Resources */,
				0B55C8FA19BD60C7002FEE0C /* CHANGES in Resources */,
				0BCAB211197F70A1006FC406 /* R4Launcher.png in Resources */,
				0BA8C13B18AB1BB4000F3734 /* AppIcon72x72.png in Resources */,
				0BA8C13C18AB1BB4000F3734 /* AppIcon72x72@2x.png in Resources */,
				0BCAB20F197F6F0C006FC406 /* Launcher.png in Resources */,
				0B8E0BC418A2099100863181 /* Images.xcassets in Resources */,
				0BA8C13118AB1BB4000F3734 /* AppIcon29x29.png in Resources */,
				0B55C8EC19BD60C7002FEE0C /* .cocoadocs.yml in Resources */,
				0BA8C13918AB1BB4000F3734 /* AppIcon60x60.png in Resources */,
				0BDC092418A9F5D500BC82CE /* README.md in Resources */,
				0BB97CBF1A83D9440044B883 /* FBUserSettingsViewResources.bundle in Resources */,
				0BCAB214197F7198006FC406 /* ipad1xLauncher.png in Resources */,
				0B55C8F919BD60C7002FEE0C /* AFNetworking.xcworkspace in Resources */,
				0B77469118AD4008006E0550 /* fb_default.jpg in Resources */,
				0B8E0BB318A2099100863181 /* InfoPlist.strings in Resources */,
				0B55C91419BD60C7002FEE0C /* README.md in Resources */,
				0BA8C13E18AB1BB4000F3734 /* AppIcon76x76@2x.png in Resources */,
				0BA8C13F18AB1BB4000F3734 /* iTunesArtwork.png in Resources */,
				0B55C91319BD60C7002FEE0C /* Rakefile in Resources */,
				0BA8C13818AB1BB4000F3734 /* AppIcon57x57@2x.png in Resources */,
				0B4386B818AAFBF200D50DFC /* SocialSchedulerIpad.storyboard in Resources */,
				0B55C8EE19BD60C7002FEE0C /* .travis.yml in Resources */,
				0B8E0BBC18A2099100863181 /* Main.storyboard in Resources */,
				0BC9322219465E0A00237EF2 /* Settings.bundle in Resources */,
				0BA8C13218AB1BB4000F3734 /* AppIcon29x29@2x.png in Resources */,
				0BA8C13618AB1BB4000F3734 /* AppIcon50x50@2x.png in Resources */,
			);
			runOnlyForDeploymentPostprocessing = 0;
		};
		0B8E0BC718A2099100863181 /* Resources */ = {
			isa = PBXResourcesBuildPhase;
			buildActionMask = 2147483647;
			files = (
				0B8E0BD518A2099100863181 /* InfoPlist.strings in Resources */,
			);
			runOnlyForDeploymentPostprocessing = 0;
		};
/* End PBXResourcesBuildPhase section */

/* Begin PBXSourcesBuildPhase section */
		0B8E0BA118A2099100863181 /* Sources */ = {
			isa = PBXSourcesBuildPhase;
			buildActionMask = 2147483647;
			files = (
				0BD797FC19C9D6B500DFD1CF /* CourseSplitViewController.m in Sources */,
				0B55C8F719BD60C7002FEE0C /* AFURLSessionManager.m in Sources */,
				0B55C8F419BD60C7002FEE0C /* AFURLConnectionOperation.m in Sources */,
				0BF6120F19B7F868005A8DBB /* ClassesViewController.m in Sources */,
				0BBF51771A993FCA00450882 /* ScheduleManager.m in Sources */,
				0B55C8F119BD60C7002FEE0C /* AFHTTPSessionManager.m in Sources */,
				0BBF516F1A97937700450882 /* UIImage+Trim.m in Sources */,
				0B55C8F219BD60C7002FEE0C /* AFNetworkReachabilityManager.m in Sources */,
				0B55C93D19BD60C7002FEE0C /* UIButton+AFNetworking.m in Sources */,
				0BBF51741A9927FF00450882 /* AccessKeys.m in Sources */,
				0B55C93B19BD60C7002FEE0C /* UIActivityIndicatorView+AFNetworking.m in Sources */,
				0BA0CB8A18A87CD2005AAFD5 /* ContactCell.m in Sources */,
				0B7299FB197A68E50044B46C /* FBLoginCell.m in Sources */,
				0B8E0BBF18A2099100863181 /* SocialSchedulerFirstViewController.m in Sources */,
				0BC94462198B093500BD3140 /* ScheduleTheaterViewController.m in Sources */,
				0B55C8F319BD60C7002FEE0C /* AFSecurityPolicy.m in Sources */,
				0B71092619C92CD5000FBCF7 /* ContactCollectionCell.m in Sources */,
				0B8E0BC218A2099100863181 /* SocialSchedulerSecondViewController.m in Sources */,
				0B55C93F19BD60C7002FEE0C /* UIProgressView+AFNetworking.m in Sources */,
				0BFF8B1218AE899600817BFD /* Reachability.m in Sources */,
				0B55C93A19BD60C7002FEE0C /* AFNetworkActivityIndicatorManager.m in Sources */,
				0B8E0BF718A5EB8100863181 /* FacebookFriendsViewController.m in Sources */,
				0B55C8F019BD60C7002FEE0C /* AFHTTPRequestOperationManager.m in Sources */,
				0B55C93C19BD60C7002FEE0C /* UIAlertView+AFNetworking.m in Sources */,
				0B8E0BB518A2099100863181 /* main.m in Sources */,
				0B3C9F7218A9631800506FDC /* ContactScheduleCell.m in Sources */,
				0B8E0BF318A3701500863181 /* LoginViewController.m in Sources */,
				0BDC092A18AAAB0700BC82CE /* ClassContactCell.m in Sources */,
				0BA0CB8718A86F8B005AAFD5 /* CourseCell.m in Sources */,
				0B653FF11947BCFD00C78028 /* CourseDetailViewController.m in Sources */,
				0BF6121219B8047D005A8DBB /* CourseCollectionCell.m in Sources */,
				0B55C93E19BD60C7002FEE0C /* UIImageView+AFNetworking.m in Sources */,
				0B55C8F519BD60C7002FEE0C /* AFURLRequestSerialization.m in Sources */,
				0B55C8EF19BD60C7002FEE0C /* AFHTTPRequestOperation.m in Sources */,
				0B55C94019BD60C7002FEE0C /* UIRefreshControl+AFNetworking.m in Sources */,
				0B55C8F619BD60C7002FEE0C /* AFURLResponseSerialization.m in Sources */,
				0B55C94119BD60C7002FEE0C /* UIWebView+AFNetworking.m in Sources */,
				0B8E0BB918A2099100863181 /* SocialSchedulerAppDelegate.m in Sources */,
			);
			runOnlyForDeploymentPostprocessing = 0;
		};
		0B8E0BC518A2099100863181 /* Sources */ = {
			isa = PBXSourcesBuildPhase;
			buildActionMask = 2147483647;
			files = (
				0B8E0BD718A2099100863181 /* UMDSocialSchedulerTests.m in Sources */,
			);
			runOnlyForDeploymentPostprocessing = 0;
		};
/* End PBXSourcesBuildPhase section */

/* Begin PBXTargetDependency section */
		0B8E0BCF18A2099100863181 /* PBXTargetDependency */ = {
			isa = PBXTargetDependency;
			target = 0B8E0BA418A2099100863181 /* UMD Schedule */;
			targetProxy = 0B8E0BCE18A2099100863181 /* PBXContainerItemProxy */;
		};
/* End PBXTargetDependency section */

/* Begin PBXVariantGroup section */
		0B8E0BB118A2099100863181 /* InfoPlist.strings */ = {
			isa = PBXVariantGroup;
			children = (
				0B8E0BB218A2099100863181 /* en */,
			);
			name = InfoPlist.strings;
			sourceTree = "<group>";
		};
		0B8E0BBA18A2099100863181 /* Main.storyboard */ = {
			isa = PBXVariantGroup;
			children = (
				0B8E0BBB18A2099100863181 /* Base */,
			);
			name = Main.storyboard;
			sourceTree = "<group>";
		};
		0B8E0BD318A2099100863181 /* InfoPlist.strings */ = {
			isa = PBXVariantGroup;
			children = (
				0B8E0BD418A2099100863181 /* en */,
			);
			name = InfoPlist.strings;
			sourceTree = "<group>";
		};
/* End PBXVariantGroup section */

/* Begin XCBuildConfiguration section */
		0B8E0BD818A2099100863181 /* Debug */ = {
			isa = XCBuildConfiguration;
			buildSettings = {
				ALWAYS_SEARCH_USER_PATHS = NO;
				CLANG_CXX_LANGUAGE_STANDARD = "gnu++0x";
				CLANG_CXX_LIBRARY = "libc++";
				CLANG_ENABLE_MODULES = YES;
				CLANG_ENABLE_OBJC_ARC = YES;
				CLANG_WARN_BOOL_CONVERSION = YES;
				CLANG_WARN_CONSTANT_CONVERSION = YES;
				CLANG_WARN_DIRECT_OBJC_ISA_USAGE = YES_ERROR;
				CLANG_WARN_EMPTY_BODY = YES;
				CLANG_WARN_ENUM_CONVERSION = YES;
				CLANG_WARN_INT_CONVERSION = YES;
				CLANG_WARN_OBJC_ROOT_CLASS = YES_ERROR;
				CLANG_WARN__DUPLICATE_METHOD_MATCH = YES;
				"CODE_SIGN_IDENTITY[sdk=iphoneos*]" = "iPhone Developer";
				COPY_PHASE_STRIP = NO;
				GCC_C_LANGUAGE_STANDARD = gnu99;
				GCC_DYNAMIC_NO_PIC = NO;
				GCC_OPTIMIZATION_LEVEL = 0;
				GCC_PREPROCESSOR_DEFINITIONS = (
					"DEBUG=1",
					"$(inherited)",
				);
				GCC_SYMBOLS_PRIVATE_EXTERN = NO;
				GCC_WARN_64_TO_32_BIT_CONVERSION = YES;
				GCC_WARN_ABOUT_RETURN_TYPE = YES_ERROR;
				GCC_WARN_UNDECLARED_SELECTOR = YES;
				GCC_WARN_UNINITIALIZED_AUTOS = YES;
				GCC_WARN_UNUSED_FUNCTION = YES;
				GCC_WARN_UNUSED_VARIABLE = YES;
				IPHONEOS_DEPLOYMENT_TARGET = 7.0;
				ONLY_ACTIVE_ARCH = YES;
				SDKROOT = iphoneos;
			};
			name = Debug;
		};
		0B8E0BD918A2099100863181 /* Release */ = {
			isa = XCBuildConfiguration;
			buildSettings = {
				ALWAYS_SEARCH_USER_PATHS = NO;
				CLANG_CXX_LANGUAGE_STANDARD = "gnu++0x";
				CLANG_CXX_LIBRARY = "libc++";
				CLANG_ENABLE_MODULES = YES;
				CLANG_ENABLE_OBJC_ARC = YES;
				CLANG_WARN_BOOL_CONVERSION = YES;
				CLANG_WARN_CONSTANT_CONVERSION = YES;
				CLANG_WARN_DIRECT_OBJC_ISA_USAGE = YES_ERROR;
				CLANG_WARN_EMPTY_BODY = YES;
				CLANG_WARN_ENUM_CONVERSION = YES;
				CLANG_WARN_INT_CONVERSION = YES;
				CLANG_WARN_OBJC_ROOT_CLASS = YES_ERROR;
				CLANG_WARN__DUPLICATE_METHOD_MATCH = YES;
				"CODE_SIGN_IDENTITY[sdk=iphoneos*]" = "iPhone Developer";
				COPY_PHASE_STRIP = YES;
				ENABLE_NS_ASSERTIONS = NO;
				GCC_C_LANGUAGE_STANDARD = gnu99;
				GCC_WARN_64_TO_32_BIT_CONVERSION = YES;
				GCC_WARN_ABOUT_RETURN_TYPE = YES_ERROR;
				GCC_WARN_UNDECLARED_SELECTOR = YES;
				GCC_WARN_UNINITIALIZED_AUTOS = YES;
				GCC_WARN_UNUSED_FUNCTION = YES;
				GCC_WARN_UNUSED_VARIABLE = YES;
				IPHONEOS_DEPLOYMENT_TARGET = 7.0;
				SDKROOT = iphoneos;
				VALIDATE_PRODUCT = YES;
			};
			name = Release;
		};
		0B8E0BDB18A2099100863181 /* Debug */ = {
			isa = XCBuildConfiguration;
			buildSettings = {
				ASSETCATALOG_COMPILER_APPICON_NAME = AppIcon;
				ASSETCATALOG_COMPILER_LAUNCHIMAGE_NAME = LaunchImage;
				CODE_SIGN_IDENTITY = "iPhone Developer";
				"CODE_SIGN_IDENTITY[sdk=iphoneos*]" = "iPhone Developer";
				FRAMEWORK_SEARCH_PATHS = (
					"$(inherited)",
					/Users/domthebigbomb/Documents/iOS_Dev/UMDSocialScheduler,
					"$(PROJECT_DIR)",
					"/Users/domthebigbomb/Documents/iOS_Dev/Frameworks/parse-library-1-2",
				);
				GCC_PRECOMPILE_PREFIX_HEADER = YES;
				GCC_PREFIX_HEADER = "UMDSocialScheduler/UMDSocialScheduler-Prefix.pch";
				INFOPLIST_FILE = "UMDSocialScheduler/UMDSocialScheduler-Info.plist";
				IPHONEOS_DEPLOYMENT_TARGET = 7.0;
				LIBRARY_SEARCH_PATHS = (
					"$(inherited)",
					/Users/domthebigbomb/Documents/iOS_Dev/UMDSocialScheduler/TestFlightSDK2.2.1,
				);
				ONLY_ACTIVE_ARCH = NO;
				OTHER_LDFLAGS = "";
				PRODUCT_NAME = "$(TARGET_NAME)";
				PROVISIONING_PROFILE = "";
				SDKROOT = iphoneos;
				TARGETED_DEVICE_FAMILY = "1,2";
				VALID_ARCHS = "arm64 armv7 armv7s";
				WRAPPER_EXTENSION = app;
			};
			name = Debug;
		};
		0B8E0BDC18A2099100863181 /* Release */ = {
			isa = XCBuildConfiguration;
			buildSettings = {
				ASSETCATALOG_COMPILER_APPICON_NAME = AppIcon;
				ASSETCATALOG_COMPILER_LAUNCHIMAGE_NAME = LaunchImage;
				CODE_SIGN_IDENTITY = "iPhone Developer";
				"CODE_SIGN_IDENTITY[sdk=iphoneos*]" = "iPhone Developer";
				FRAMEWORK_SEARCH_PATHS = (
					"$(inherited)",
					/Users/domthebigbomb/Documents/iOS_Dev/UMDSocialScheduler,
					"$(PROJECT_DIR)",
					"/Users/domthebigbomb/Documents/iOS_Dev/Frameworks/parse-library-1-2",
				);
				GCC_PRECOMPILE_PREFIX_HEADER = YES;
				GCC_PREFIX_HEADER = "UMDSocialScheduler/UMDSocialScheduler-Prefix.pch";
				INFOPLIST_FILE = "UMDSocialScheduler/UMDSocialScheduler-Info.plist";
				IPHONEOS_DEPLOYMENT_TARGET = 7.0;
				LIBRARY_SEARCH_PATHS = (
					"$(inherited)",
					/Users/domthebigbomb/Documents/iOS_Dev/UMDSocialScheduler/TestFlightSDK2.2.1,
				);
				OTHER_LDFLAGS = "";
				PRODUCT_NAME = "$(TARGET_NAME)";
				PROVISIONING_PROFILE = "";
				SDKROOT = iphoneos;
				TARGETED_DEVICE_FAMILY = "1,2";
				VALID_ARCHS = "arm64 armv7 armv7s";
				WRAPPER_EXTENSION = app;
			};
			name = Release;
		};
		0B8E0BDE18A2099100863181 /* Debug */ = {
			isa = XCBuildConfiguration;
			buildSettings = {
				BUNDLE_LOADER = "$(BUILT_PRODUCTS_DIR)/UMDSocialScheduler.app/UMDSocialScheduler";
				FRAMEWORK_SEARCH_PATHS = (
					"$(SDKROOT)/Developer/Library/Frameworks",
					"$(inherited)",
					"$(DEVELOPER_FRAMEWORKS_DIR)",
				);
				GCC_PRECOMPILE_PREFIX_HEADER = YES;
				GCC_PREFIX_HEADER = "UMDSocialScheduler/UMDSocialScheduler-Prefix.pch";
				GCC_PREPROCESSOR_DEFINITIONS = (
					"DEBUG=1",
					"$(inherited)",
				);
				INFOPLIST_FILE = "UMDSocialSchedulerTests/UMDSocialSchedulerTests-Info.plist";
				PRODUCT_NAME = "$(TARGET_NAME)";
				TEST_HOST = "$(BUNDLE_LOADER)";
				WRAPPER_EXTENSION = xctest;
			};
			name = Debug;
		};
		0B8E0BDF18A2099100863181 /* Release */ = {
			isa = XCBuildConfiguration;
			buildSettings = {
				BUNDLE_LOADER = "$(BUILT_PRODUCTS_DIR)/UMDSocialScheduler.app/UMDSocialScheduler";
				FRAMEWORK_SEARCH_PATHS = (
					"$(SDKROOT)/Developer/Library/Frameworks",
					"$(inherited)",
					"$(DEVELOPER_FRAMEWORKS_DIR)",
				);
				GCC_PRECOMPILE_PREFIX_HEADER = YES;
				GCC_PREFIX_HEADER = "UMDSocialScheduler/UMDSocialScheduler-Prefix.pch";
				INFOPLIST_FILE = "UMDSocialSchedulerTests/UMDSocialSchedulerTests-Info.plist";
				PRODUCT_NAME = "$(TARGET_NAME)";
				TEST_HOST = "$(BUNDLE_LOADER)";
				WRAPPER_EXTENSION = xctest;
			};
			name = Release;
		};
/* End XCBuildConfiguration section */

/* Begin XCConfigurationList section */
		0B8E0BA018A2099100863181 /* Build configuration list for PBXProject "UMDSocialScheduler" */ = {
			isa = XCConfigurationList;
			buildConfigurations = (
				0B8E0BD818A2099100863181 /* Debug */,
				0B8E0BD918A2099100863181 /* Release */,
			);
			defaultConfigurationIsVisible = 0;
			defaultConfigurationName = Release;
		};
		0B8E0BDA18A2099100863181 /* Build configuration list for PBXNativeTarget "UMD Schedule" */ = {
			isa = XCConfigurationList;
			buildConfigurations = (
				0B8E0BDB18A2099100863181 /* Debug */,
				0B8E0BDC18A2099100863181 /* Release */,
			);
			defaultConfigurationIsVisible = 0;
			defaultConfigurationName = Release;
		};
		0B8E0BDD18A2099100863181 /* Build configuration list for PBXNativeTarget "UMDSocialSchedulerTests" */ = {
			isa = XCConfigurationList;
			buildConfigurations = (
				0B8E0BDE18A2099100863181 /* Debug */,
				0B8E0BDF18A2099100863181 /* Release */,
			);
			defaultConfigurationIsVisible = 0;
			defaultConfigurationName = Release;
		};
/* End XCConfigurationList section */
	};
	rootObject = 0B8E0B9D18A2099100863181 /* Project object */;
}
