// !$*UTF8*$!
{
	archiveVersion = 1;
	classes = {
	};
	objectVersion = 46;
	objects = {

/* Begin PBXBuildFile section */
		0B3C9F7218A9631800506FDC /* ContactScheduleCell.m in Sources */ = {isa = PBXBuildFile; fileRef = 0B3C9F7118A9631800506FDC /* ContactScheduleCell.m */; };
		0B4154291951FC6100EAE8E9 /* FacebookSDK.framework in Frameworks */ = {isa = PBXBuildFile; fileRef = 0B4154281951FC6100EAE8E9 /* FacebookSDK.framework */; };
		0B41542B1951FC6D00EAE8E9 /* FBUserSettingsViewResources.bundle in Resources */ = {isa = PBXBuildFile; fileRef = 0B41542A1951FC6D00EAE8E9 /* FBUserSettingsViewResources.bundle */; };
		0B4386B818AAFBF200D50DFC /* SocialSchedulerIpad.storyboard in Resources */ = {isa = PBXBuildFile; fileRef = 0B4386B718AAFBF200D50DFC /* SocialSchedulerIpad.storyboard */; };
		0B653FF11947BCFD00C78028 /* CourseDetailViewController.m in Sources */ = {isa = PBXBuildFile; fileRef = 0B653FF01947BCFD00C78028 /* CourseDetailViewController.m */; };
		0B77469118AD4008006E0550 /* fb_default.jpg in Resources */ = {isa = PBXBuildFile; fileRef = 0B77469018AD4008006E0550 /* fb_default.jpg */; };
		0B8E0BA918A2099100863181 /* Foundation.framework in Frameworks */ = {isa = PBXBuildFile; fileRef = 0B8E0BA818A2099100863181 /* Foundation.framework */; };
		0B8E0BAB18A2099100863181 /* CoreGraphics.framework in Frameworks */ = {isa = PBXBuildFile; fileRef = 0B8E0BAA18A2099100863181 /* CoreGraphics.framework */; };
		0B8E0BAD18A2099100863181 /* UIKit.framework in Frameworks */ = {isa = PBXBuildFile; fileRef = 0B8E0BAC18A2099100863181 /* UIKit.framework */; };
		0B8E0BB318A2099100863181 /* InfoPlist.strings in Resources */ = {isa = PBXBuildFile; fileRef = 0B8E0BB118A2099100863181 /* InfoPlist.strings */; };
		0B8E0BB518A2099100863181 /* main.m in Sources */ = {isa = PBXBuildFile; fileRef = 0B8E0BB418A2099100863181 /* main.m */; };
		0B8E0BB918A2099100863181 /* SocialSchedulerAppDelegate.m in Sources */ = {isa = PBXBuildFile; fileRef = 0B8E0BB818A2099100863181 /* SocialSchedulerAppDelegate.m */; };
		0B8E0BBC18A2099100863181 /* Main.storyboard in Resources */ = {isa = PBXBuildFile; fileRef = 0B8E0BBA18A2099100863181 /* Main.storyboard */; };
		0B8E0BBF18A2099100863181 /* SocialSchedulerFirstViewController.m in Sources */ = {isa = PBXBuildFile; fileRef = 0B8E0BBE18A2099100863181 /* SocialSchedulerFirstViewController.m */; };
		0B8E0BC218A2099100863181 /* SocialSchedulerSecondViewController.m in Sources */ = {isa = PBXBuildFile; fileRef = 0B8E0BC118A2099100863181 /* SocialSchedulerSecondViewController.m */; };
		0B8E0BC418A2099100863181 /* Images.xcassets in Resources */ = {isa = PBXBuildFile; fileRef = 0B8E0BC318A2099100863181 /* Images.xcassets */; };
		0B8E0BCB18A2099100863181 /* XCTest.framework in Frameworks */ = {isa = PBXBuildFile; fileRef = 0B8E0BCA18A2099100863181 /* XCTest.framework */; };
		0B8E0BCC18A2099100863181 /* Foundation.framework in Frameworks */ = {isa = PBXBuildFile; fileRef = 0B8E0BA818A2099100863181 /* Foundation.framework */; };
		0B8E0BCD18A2099100863181 /* UIKit.framework in Frameworks */ = {isa = PBXBuildFile; fileRef = 0B8E0BAC18A2099100863181 /* UIKit.framework */; };
		0B8E0BD518A2099100863181 /* InfoPlist.strings in Resources */ = {isa = PBXBuildFile; fileRef = 0B8E0BD318A2099100863181 /* InfoPlist.strings */; };
		0B8E0BD718A2099100863181 /* UMDSocialSchedulerTests.m in Sources */ = {isa = PBXBuildFile; fileRef = 0B8E0BD618A2099100863181 /* UMDSocialSchedulerTests.m */; };
		0B8E0BF318A3701500863181 /* LoginViewController.m in Sources */ = {isa = PBXBuildFile; fileRef = 0B8E0BF218A3701500863181 /* LoginViewController.m */; };
		0B8E0BF718A5EB8100863181 /* FacebookFriendsViewController.m in Sources */ = {isa = PBXBuildFile; fileRef = 0B8E0BF618A5EB8100863181 /* FacebookFriendsViewController.m */; };
		0BA0CB8718A86F8B005AAFD5 /* CourseCell.m in Sources */ = {isa = PBXBuildFile; fileRef = 0BA0CB8618A86F8B005AAFD5 /* CourseCell.m */; };
		0BA0CB8A18A87CD2005AAFD5 /* ContactCell.m in Sources */ = {isa = PBXBuildFile; fileRef = 0BA0CB8918A87CD2005AAFD5 /* ContactCell.m */; };
		0BA8C13118AB1BB4000F3734 /* AppIcon29x29.png in Resources */ = {isa = PBXBuildFile; fileRef = 0BA8C12118AB1BB4000F3734 /* AppIcon29x29.png */; };
		0BA8C13218AB1BB4000F3734 /* AppIcon29x29@2x.png in Resources */ = {isa = PBXBuildFile; fileRef = 0BA8C12218AB1BB4000F3734 /* AppIcon29x29@2x.png */; };
		0BA8C13318AB1BB4000F3734 /* AppIcon40x40.png in Resources */ = {isa = PBXBuildFile; fileRef = 0BA8C12318AB1BB4000F3734 /* AppIcon40x40.png */; };
		0BA8C13418AB1BB4000F3734 /* AppIcon40x40@2x.png in Resources */ = {isa = PBXBuildFile; fileRef = 0BA8C12418AB1BB4000F3734 /* AppIcon40x40@2x.png */; };
		0BA8C13518AB1BB4000F3734 /* AppIcon50x50.png in Resources */ = {isa = PBXBuildFile; fileRef = 0BA8C12518AB1BB4000F3734 /* AppIcon50x50.png */; };
		0BA8C13618AB1BB4000F3734 /* AppIcon50x50@2x.png in Resources */ = {isa = PBXBuildFile; fileRef = 0BA8C12618AB1BB4000F3734 /* AppIcon50x50@2x.png */; };
		0BA8C13718AB1BB4000F3734 /* AppIcon57x57.png in Resources */ = {isa = PBXBuildFile; fileRef = 0BA8C12718AB1BB4000F3734 /* AppIcon57x57.png */; };
		0BA8C13818AB1BB4000F3734 /* AppIcon57x57@2x.png in Resources */ = {isa = PBXBuildFile; fileRef = 0BA8C12818AB1BB4000F3734 /* AppIcon57x57@2x.png */; };
		0BA8C13918AB1BB4000F3734 /* AppIcon60x60.png in Resources */ = {isa = PBXBuildFile; fileRef = 0BA8C12918AB1BB4000F3734 /* AppIcon60x60.png */; };
		0BA8C13A18AB1BB4000F3734 /* AppIcon60x60@2x.png in Resources */ = {isa = PBXBuildFile; fileRef = 0BA8C12A18AB1BB4000F3734 /* AppIcon60x60@2x.png */; };
		0BA8C13B18AB1BB4000F3734 /* AppIcon72x72.png in Resources */ = {isa = PBXBuildFile; fileRef = 0BA8C12B18AB1BB4000F3734 /* AppIcon72x72.png */; };
		0BA8C13C18AB1BB4000F3734 /* AppIcon72x72@2x.png in Resources */ = {isa = PBXBuildFile; fileRef = 0BA8C12C18AB1BB4000F3734 /* AppIcon72x72@2x.png */; };
		0BA8C13D18AB1BB4000F3734 /* AppIcon76x76.png in Resources */ = {isa = PBXBuildFile; fileRef = 0BA8C12D18AB1BB4000F3734 /* AppIcon76x76.png */; };
		0BA8C13E18AB1BB4000F3734 /* AppIcon76x76@2x.png in Resources */ = {isa = PBXBuildFile; fileRef = 0BA8C12E18AB1BB4000F3734 /* AppIcon76x76@2x.png */; };
		0BA8C13F18AB1BB4000F3734 /* iTunesArtwork.png in Resources */ = {isa = PBXBuildFile; fileRef = 0BA8C12F18AB1BB4000F3734 /* iTunesArtwork.png */; };
		0BA8C14018AB1BB4000F3734 /* iTunesArtwork@2x.png in Resources */ = {isa = PBXBuildFile; fileRef = 0BA8C13018AB1BB4000F3734 /* iTunesArtwork@2x.png */; };
		0BC9322219465E0A00237EF2 /* Settings.bundle in Resources */ = {isa = PBXBuildFile; fileRef = 0BC9322119465E0A00237EF2 /* Settings.bundle */; };
		0BC9A2341948D0F20048562F /* MapKit.framework in Frameworks */ = {isa = PBXBuildFile; fileRef = 0BC9A2331948D0F20048562F /* MapKit.framework */; };
		0BD6925319534765007C6081 /* EventKit.framework in Frameworks */ = {isa = PBXBuildFile; fileRef = 0BD6925219534765007C6081 /* EventKit.framework */; };
		0BDC092318A9F5D500BC82CE /* libTestFlight.a in Frameworks */ = {isa = PBXBuildFile; fileRef = 0BDC091D18A9F5D500BC82CE /* libTestFlight.a */; };
		0BDC092418A9F5D500BC82CE /* README.md in Resources */ = {isa = PBXBuildFile; fileRef = 0BDC091E18A9F5D500BC82CE /* README.md */; };
		0BDC092518A9F5D500BC82CE /* release_notes.md in Resources */ = {isa = PBXBuildFile; fileRef = 0BDC091F18A9F5D500BC82CE /* release_notes.md */; };
		0BDC092718A9F68500BC82CE /* libz.dylib in Frameworks */ = {isa = PBXBuildFile; fileRef = 0BDC092618A9F68500BC82CE /* libz.dylib */; };
		0BDC092A18AAAB0700BC82CE /* ClassContactCell.m in Sources */ = {isa = PBXBuildFile; fileRef = 0BDC092918AAAB0700BC82CE /* ClassContactCell.m */; };
		0BFF8B1218AE899600817BFD /* Reachability.m in Sources */ = {isa = PBXBuildFile; fileRef = 0BFF8B1118AE899600817BFD /* Reachability.m */; };
/* End PBXBuildFile section */

/* Begin PBXContainerItemProxy section */
		0B8E0BCE18A2099100863181 /* PBXContainerItemProxy */ = {
			isa = PBXContainerItemProxy;
			containerPortal = 0B8E0B9D18A2099100863181 /* Project object */;
			proxyType = 1;
			remoteGlobalIDString = 0B8E0BA418A2099100863181;
			remoteInfo = UMDSocialScheduler;
		};
/* End PBXContainerItemProxy section */

/* Begin PBXFileReference section */
		0B3C9F7018A9631800506FDC /* ContactScheduleCell.h */ = {isa = PBXFileReference; fileEncoding = 4; lastKnownFileType = sourcecode.c.h; path = ContactScheduleCell.h; sourceTree = "<group>"; };
		0B3C9F7118A9631800506FDC /* ContactScheduleCell.m */ = {isa = PBXFileReference; fileEncoding = 4; lastKnownFileType = sourcecode.c.objc; path = ContactScheduleCell.m; sourceTree = "<group>"; };
		0B4154281951FC6100EAE8E9 /* FacebookSDK.framework */ = {isa = PBXFileReference; lastKnownFileType = wrapper.framework; path = FacebookSDK.framework; sourceTree = "<group>"; };
		0B41542A1951FC6D00EAE8E9 /* FBUserSettingsViewResources.bundle */ = {isa = PBXFileReference; lastKnownFileType = "wrapper.plug-in"; path = FBUserSettingsViewResources.bundle; sourceTree = "<group>"; };
		0B4386B718AAFBF200D50DFC /* SocialSchedulerIpad.storyboard */ = {isa = PBXFileReference; fileEncoding = 4; lastKnownFileType = file.storyboard; path = SocialSchedulerIpad.storyboard; sourceTree = "<group>"; };
		0B653FEF1947BCFD00C78028 /* CourseDetailViewController.h */ = {isa = PBXFileReference; fileEncoding = 4; lastKnownFileType = sourcecode.c.h; path = CourseDetailViewController.h; sourceTree = "<group>"; };
		0B653FF01947BCFD00C78028 /* CourseDetailViewController.m */ = {isa = PBXFileReference; fileEncoding = 4; lastKnownFileType = sourcecode.c.objc; path = CourseDetailViewController.m; sourceTree = "<group>"; };
		0B77469018AD4008006E0550 /* fb_default.jpg */ = {isa = PBXFileReference; lastKnownFileType = image.jpeg; path = fb_default.jpg; sourceTree = "<group>"; };
		0B8E0BA518A2099100863181 /* UMDSocialScheduler.app */ = {isa = PBXFileReference; explicitFileType = wrapper.application; includeInIndex = 0; path = UMDSocialScheduler.app; sourceTree = BUILT_PRODUCTS_DIR; };
		0B8E0BA818A2099100863181 /* Foundation.framework */ = {isa = PBXFileReference; lastKnownFileType = wrapper.framework; name = Foundation.framework; path = System/Library/Frameworks/Foundation.framework; sourceTree = SDKROOT; };
		0B8E0BAA18A2099100863181 /* CoreGraphics.framework */ = {isa = PBXFileReference; lastKnownFileType = wrapper.framework; name = CoreGraphics.framework; path = System/Library/Frameworks/CoreGraphics.framework; sourceTree = SDKROOT; };
		0B8E0BAC18A2099100863181 /* UIKit.framework */ = {isa = PBXFileReference; lastKnownFileType = wrapper.framework; name = UIKit.framework; path = System/Library/Frameworks/UIKit.framework; sourceTree = SDKROOT; };
		0B8E0BB018A2099100863181 /* UMDSocialScheduler-Info.plist */ = {isa = PBXFileReference; lastKnownFileType = text.plist.xml; path = "UMDSocialScheduler-Info.plist"; sourceTree = "<group>"; };
		0B8E0BB218A2099100863181 /* en */ = {isa = PBXFileReference; lastKnownFileType = text.plist.strings; name = en; path = en.lproj/InfoPlist.strings; sourceTree = "<group>"; };
		0B8E0BB418A2099100863181 /* main.m */ = {isa = PBXFileReference; lastKnownFileType = sourcecode.c.objc; path = main.m; sourceTree = "<group>"; };
		0B8E0BB618A2099100863181 /* UMDSocialScheduler-Prefix.pch */ = {isa = PBXFileReference; lastKnownFileType = sourcecode.c.h; path = "UMDSocialScheduler-Prefix.pch"; sourceTree = "<group>"; };
		0B8E0BB718A2099100863181 /* SocialSchedulerAppDelegate.h */ = {isa = PBXFileReference; lastKnownFileType = sourcecode.c.h; path = SocialSchedulerAppDelegate.h; sourceTree = "<group>"; };
		0B8E0BB818A2099100863181 /* SocialSchedulerAppDelegate.m */ = {isa = PBXFileReference; lastKnownFileType = sourcecode.c.objc; path = SocialSchedulerAppDelegate.m; sourceTree = "<group>"; };
		0B8E0BBB18A2099100863181 /* Base */ = {isa = PBXFileReference; lastKnownFileType = file.storyboard; name = Base; path = Base.lproj/Main.storyboard; sourceTree = "<group>"; };
		0B8E0BBD18A2099100863181 /* SocialSchedulerFirstViewController.h */ = {isa = PBXFileReference; lastKnownFileType = sourcecode.c.h; path = SocialSchedulerFirstViewController.h; sourceTree = "<group>"; };
		0B8E0BBE18A2099100863181 /* SocialSchedulerFirstViewController.m */ = {isa = PBXFileReference; lastKnownFileType = sourcecode.c.objc; path = SocialSchedulerFirstViewController.m; sourceTree = "<group>"; };
		0B8E0BC018A2099100863181 /* SocialSchedulerSecondViewController.h */ = {isa = PBXFileReference; lastKnownFileType = sourcecode.c.h; path = SocialSchedulerSecondViewController.h; sourceTree = "<group>"; };
		0B8E0BC118A2099100863181 /* SocialSchedulerSecondViewController.m */ = {isa = PBXFileReference; lastKnownFileType = sourcecode.c.objc; path = SocialSchedulerSecondViewController.m; sourceTree = "<group>"; };
		0B8E0BC318A2099100863181 /* Images.xcassets */ = {isa = PBXFileReference; lastKnownFileType = folder.assetcatalog; path = Images.xcassets; sourceTree = "<group>"; };
		0B8E0BC918A2099100863181 /* UMDSocialSchedulerTests.xctest */ = {isa = PBXFileReference; explicitFileType = wrapper.cfbundle; includeInIndex = 0; path = UMDSocialSchedulerTests.xctest; sourceTree = BUILT_PRODUCTS_DIR; };
		0B8E0BCA18A2099100863181 /* XCTest.framework */ = {isa = PBXFileReference; lastKnownFileType = wrapper.framework; name = XCTest.framework; path = Library/Frameworks/XCTest.framework; sourceTree = DEVELOPER_DIR; };
		0B8E0BD218A2099100863181 /* UMDSocialSchedulerTests-Info.plist */ = {isa = PBXFileReference; lastKnownFileType = text.plist.xml; path = "UMDSocialSchedulerTests-Info.plist"; sourceTree = "<group>"; };
		0B8E0BD418A2099100863181 /* en */ = {isa = PBXFileReference; lastKnownFileType = text.plist.strings; name = en; path = en.lproj/InfoPlist.strings; sourceTree = "<group>"; };
		0B8E0BD618A2099100863181 /* UMDSocialSchedulerTests.m */ = {isa = PBXFileReference; lastKnownFileType = sourcecode.c.objc; path = UMDSocialSchedulerTests.m; sourceTree = "<group>"; };
		0B8E0BF118A3701500863181 /* LoginViewController.h */ = {isa = PBXFileReference; fileEncoding = 4; lastKnownFileType = sourcecode.c.h; path = LoginViewController.h; sourceTree = "<group>"; };
		0B8E0BF218A3701500863181 /* LoginViewController.m */ = {isa = PBXFileReference; fileEncoding = 4; lastKnownFileType = sourcecode.c.objc; path = LoginViewController.m; sourceTree = "<group>"; };
		0B8E0BF518A5EB8100863181 /* FacebookFriendsViewController.h */ = {isa = PBXFileReference; fileEncoding = 4; lastKnownFileType = sourcecode.c.h; path = FacebookFriendsViewController.h; sourceTree = "<group>"; };
		0B8E0BF618A5EB8100863181 /* FacebookFriendsViewController.m */ = {isa = PBXFileReference; fileEncoding = 4; lastKnownFileType = sourcecode.c.objc; path = FacebookFriendsViewController.m; sourceTree = "<group>"; };
		0BA0CB8518A86F8B005AAFD5 /* CourseCell.h */ = {isa = PBXFileReference; fileEncoding = 4; lastKnownFileType = sourcecode.c.h; path = CourseCell.h; sourceTree = "<group>"; };
		0BA0CB8618A86F8B005AAFD5 /* CourseCell.m */ = {isa = PBXFileReference; fileEncoding = 4; lastKnownFileType = sourcecode.c.objc; path = CourseCell.m; sourceTree = "<group>"; };
		0BA0CB8818A87CD2005AAFD5 /* ContactCell.h */ = {isa = PBXFileReference; fileEncoding = 4; lastKnownFileType = sourcecode.c.h; path = ContactCell.h; sourceTree = "<group>"; };
		0BA0CB8918A87CD2005AAFD5 /* ContactCell.m */ = {isa = PBXFileReference; fileEncoding = 4; lastKnownFileType = sourcecode.c.objc; path = ContactCell.m; sourceTree = "<group>"; };
		0BA8C12118AB1BB4000F3734 /* AppIcon29x29.png */ = {isa = PBXFileReference; lastKnownFileType = image.png; path = AppIcon29x29.png; sourceTree = "<group>"; };
		0BA8C12218AB1BB4000F3734 /* AppIcon29x29@2x.png */ = {isa = PBXFileReference; lastKnownFileType = image.png; path = "AppIcon29x29@2x.png"; sourceTree = "<group>"; };
		0BA8C12318AB1BB4000F3734 /* AppIcon40x40.png */ = {isa = PBXFileReference; lastKnownFileType = image.png; path = AppIcon40x40.png; sourceTree = "<group>"; };
		0BA8C12418AB1BB4000F3734 /* AppIcon40x40@2x.png */ = {isa = PBXFileReference; lastKnownFileType = image.png; path = "AppIcon40x40@2x.png"; sourceTree = "<group>"; };
		0BA8C12518AB1BB4000F3734 /* AppIcon50x50.png */ = {isa = PBXFileReference; lastKnownFileType = image.png; path = AppIcon50x50.png; sourceTree = "<group>"; };
		0BA8C12618AB1BB4000F3734 /* AppIcon50x50@2x.png */ = {isa = PBXFileReference; lastKnownFileType = image.png; path = "AppIcon50x50@2x.png"; sourceTree = "<group>"; };
		0BA8C12718AB1BB4000F3734 /* AppIcon57x57.png */ = {isa = PBXFileReference; lastKnownFileType = image.png; path = AppIcon57x57.png; sourceTree = "<group>"; };
		0BA8C12818AB1BB4000F3734 /* AppIcon57x57@2x.png */ = {isa = PBXFileReference; lastKnownFileType = image.png; path = "AppIcon57x57@2x.png"; sourceTree = "<group>"; };
		0BA8C12918AB1BB4000F3734 /* AppIcon60x60.png */ = {isa = PBXFileReference; lastKnownFileType = image.png; path = AppIcon60x60.png; sourceTree = "<group>"; };
		0BA8C12A18AB1BB4000F3734 /* AppIcon60x60@2x.png */ = {isa = PBXFileReference; lastKnownFileType = image.png; path = "AppIcon60x60@2x.png"; sourceTree = "<group>"; };
		0BA8C12B18AB1BB4000F3734 /* AppIcon72x72.png */ = {isa = PBXFileReference; lastKnownFileType = image.png; path = AppIcon72x72.png; sourceTree = "<group>"; };
		0BA8C12C18AB1BB4000F3734 /* AppIcon72x72@2x.png */ = {isa = PBXFileReference; lastKnownFileType = image.png; path = "AppIcon72x72@2x.png"; sourceTree = "<group>"; };
		0BA8C12D18AB1BB4000F3734 /* AppIcon76x76.png */ = {isa = PBXFileReference; lastKnownFileType = image.png; path = AppIcon76x76.png; sourceTree = "<group>"; };
		0BA8C12E18AB1BB4000F3734 /* AppIcon76x76@2x.png */ = {isa = PBXFileReference; lastKnownFileType = image.png; path = "AppIcon76x76@2x.png"; sourceTree = "<group>"; };
		0BA8C12F18AB1BB4000F3734 /* iTunesArtwork.png */ = {isa = PBXFileReference; lastKnownFileType = image.png; path = iTunesArtwork.png; sourceTree = "<group>"; };
		0BA8C13018AB1BB4000F3734 /* iTunesArtwork@2x.png */ = {isa = PBXFileReference; lastKnownFileType = image.png; path = "iTunesArtwork@2x.png"; sourceTree = "<group>"; };
		0BC9322119465E0A00237EF2 /* Settings.bundle */ = {isa = PBXFileReference; lastKnownFileType = "wrapper.plug-in"; path = Settings.bundle; sourceTree = "<group>"; };
		0BC9A2331948D0F20048562F /* MapKit.framework */ = {isa = PBXFileReference; lastKnownFileType = wrapper.framework; name = MapKit.framework; path = System/Library/Frameworks/MapKit.framework; sourceTree = SDKROOT; };
		0BD6925219534765007C6081 /* EventKit.framework */ = {isa = PBXFileReference; lastKnownFileType = wrapper.framework; name = EventKit.framework; path = System/Library/Frameworks/EventKit.framework; sourceTree = SDKROOT; };
		0BDC091D18A9F5D500BC82CE /* libTestFlight.a */ = {isa = PBXFileReference; lastKnownFileType = archive.ar; path = libTestFlight.a; sourceTree = "<group>"; };
		0BDC091E18A9F5D500BC82CE /* README.md */ = {isa = PBXFileReference; fileEncoding = 4; lastKnownFileType = text; path = README.md; sourceTree = "<group>"; };
		0BDC091F18A9F5D500BC82CE /* release_notes.md */ = {isa = PBXFileReference; fileEncoding = 4; lastKnownFileType = text; path = release_notes.md; sourceTree = "<group>"; };
		0BDC092018A9F5D500BC82CE /* TestFlight+AsyncLogging.h */ = {isa = PBXFileReference; fileEncoding = 4; lastKnownFileType = sourcecode.c.h; path = "TestFlight+AsyncLogging.h"; sourceTree = "<group>"; };
		0BDC092118A9F5D500BC82CE /* TestFlight+ManualSessions.h */ = {isa = PBXFileReference; fileEncoding = 4; lastKnownFileType = sourcecode.c.h; path = "TestFlight+ManualSessions.h"; sourceTree = "<group>"; };
		0BDC092218A9F5D500BC82CE /* TestFlight.h */ = {isa = PBXFileReference; fileEncoding = 4; lastKnownFileType = sourcecode.c.h; path = TestFlight.h; sourceTree = "<group>"; };
		0BDC092618A9F68500BC82CE /* libz.dylib */ = {isa = PBXFileReference; lastKnownFileType = "compiled.mach-o.dylib"; name = libz.dylib; path = usr/lib/libz.dylib; sourceTree = SDKROOT; };
		0BDC092818AAAB0700BC82CE /* ClassContactCell.h */ = {isa = PBXFileReference; fileEncoding = 4; lastKnownFileType = sourcecode.c.h; path = ClassContactCell.h; sourceTree = "<group>"; };
		0BDC092918AAAB0700BC82CE /* ClassContactCell.m */ = {isa = PBXFileReference; fileEncoding = 4; lastKnownFileType = sourcecode.c.objc; path = ClassContactCell.m; sourceTree = "<group>"; };
		0BFF8B1018AE899600817BFD /* Reachability.h */ = {isa = PBXFileReference; fileEncoding = 4; lastKnownFileType = sourcecode.c.h; path = Reachability.h; sourceTree = "<group>"; };
		0BFF8B1118AE899600817BFD /* Reachability.m */ = {isa = PBXFileReference; fileEncoding = 4; lastKnownFileType = sourcecode.c.objc; path = Reachability.m; sourceTree = "<group>"; };
/* End PBXFileReference section */

/* Begin PBXFrameworksBuildPhase section */
		0B8E0BA218A2099100863181 /* Frameworks */ = {
			isa = PBXFrameworksBuildPhase;
			buildActionMask = 2147483647;
			files = (
				0BD6925319534765007C6081 /* EventKit.framework in Frameworks */,
				0BC9A2341948D0F20048562F /* MapKit.framework in Frameworks */,
				0BDC092718A9F68500BC82CE /* libz.dylib in Frameworks */,
				0B8E0BAB18A2099100863181 /* CoreGraphics.framework in Frameworks */,
				0B8E0BAD18A2099100863181 /* UIKit.framework in Frameworks */,
				0BDC092318A9F5D500BC82CE /* libTestFlight.a in Frameworks */,
				0B8E0BA918A2099100863181 /* Foundation.framework in Frameworks */,
				0B4154291951FC6100EAE8E9 /* FacebookSDK.framework in Frameworks */,
			);
			runOnlyForDeploymentPostprocessing = 0;
		};
		0B8E0BC618A2099100863181 /* Frameworks */ = {
			isa = PBXFrameworksBuildPhase;
			buildActionMask = 2147483647;
			files = (
				0B8E0BCB18A2099100863181 /* XCTest.framework in Frameworks */,
				0B8E0BCD18A2099100863181 /* UIKit.framework in Frameworks */,
				0B8E0BCC18A2099100863181 /* Foundation.framework in Frameworks */,
			);
			runOnlyForDeploymentPostprocessing = 0;
		};
/* End PBXFrameworksBuildPhase section */

/* Begin PBXGroup section */
		0B4386B618AAFB8700D50DFC /* iPad */ = {
			isa = PBXGroup;
			children = (
				0B4386B718AAFBF200D50DFC /* SocialSchedulerIpad.storyboard */,
			);
			name = iPad;
			sourceTree = "<group>";
		};
		0B8E0B9C18A2099100863181 = {
			isa = PBXGroup;
			children = (
				0B41542A1951FC6D00EAE8E9 /* FBUserSettingsViewResources.bundle */,
				0B77469018AD4008006E0550 /* fb_default.jpg */,
				0BFF8B0F18AE899600817BFD /* Reachability */,
				0BDC091818A9F59100BC82CE /* Testflight SDK */,
				0B8E0BAE18A2099100863181 /* UMDSocialScheduler */,
				0B8E0BD018A2099100863181 /* UMDSocialSchedulerTests */,
				0B8E0BA718A2099100863181 /* Frameworks */,
				0B8E0BA618A2099100863181 /* Products */,
			);
			sourceTree = "<group>";
		};
		0B8E0BA618A2099100863181 /* Products */ = {
			isa = PBXGroup;
			children = (
				0B8E0BA518A2099100863181 /* UMDSocialScheduler.app */,
				0B8E0BC918A2099100863181 /* UMDSocialSchedulerTests.xctest */,
			);
			name = Products;
			sourceTree = "<group>";
		};
		0B8E0BA718A2099100863181 /* Frameworks */ = {
			isa = PBXGroup;
			children = (
				0BD6925219534765007C6081 /* EventKit.framework */,
				0B4154281951FC6100EAE8E9 /* FacebookSDK.framework */,
				0BC9A2331948D0F20048562F /* MapKit.framework */,
				0BDC092618A9F68500BC82CE /* libz.dylib */,
				0B8E0BA818A2099100863181 /* Foundation.framework */,
				0B8E0BAA18A2099100863181 /* CoreGraphics.framework */,
				0B8E0BAC18A2099100863181 /* UIKit.framework */,
				0B8E0BCA18A2099100863181 /* XCTest.framework */,
			);
			name = Frameworks;
			sourceTree = "<group>";
		};
		0B8E0BAE18A2099100863181 /* UMDSocialScheduler */ = {
			isa = PBXGroup;
			children = (
				0BA8C0FE18AB1A4B000F3734 /* Icons */,
				0B4386B618AAFB8700D50DFC /* iPad */,
				0BA0CB8418A86F4C005AAFD5 /* Model */,
				0B8E0BF418A3704500863181 /* Views */,
				0B8E0BB718A2099100863181 /* SocialSchedulerAppDelegate.h */,
				0B8E0BB818A2099100863181 /* SocialSchedulerAppDelegate.m */,
				0B8E0BBA18A2099100863181 /* Main.storyboard */,
				0BC9322119465E0A00237EF2 /* Settings.bundle */,
				0B8E0BC318A2099100863181 /* Images.xcassets */,
				0B8E0BAF18A2099100863181 /* Supporting Files */,
			);
			path = UMDSocialScheduler;
			sourceTree = "<group>";
		};
		0B8E0BAF18A2099100863181 /* Supporting Files */ = {
			isa = PBXGroup;
			children = (
				0B8E0BB018A2099100863181 /* UMDSocialScheduler-Info.plist */,
				0B8E0BB118A2099100863181 /* InfoPlist.strings */,
				0B8E0BB418A2099100863181 /* main.m */,
				0B8E0BB618A2099100863181 /* UMDSocialScheduler-Prefix.pch */,
			);
			name = "Supporting Files";
			sourceTree = "<group>";
		};
		0B8E0BD018A2099100863181 /* UMDSocialSchedulerTests */ = {
			isa = PBXGroup;
			children = (
				0B8E0BD618A2099100863181 /* UMDSocialSchedulerTests.m */,
				0B8E0BD118A2099100863181 /* Supporting Files */,
			);
			path = UMDSocialSchedulerTests;
			sourceTree = "<group>";
		};
		0B8E0BD118A2099100863181 /* Supporting Files */ = {
			isa = PBXGroup;
			children = (
				0B8E0BD218A2099100863181 /* UMDSocialSchedulerTests-Info.plist */,
				0B8E0BD318A2099100863181 /* InfoPlist.strings */,
			);
			name = "Supporting Files";
			sourceTree = "<group>";
		};
		0B8E0BF418A3704500863181 /* Views */ = {
			isa = PBXGroup;
			children = (
				0B653FEF1947BCFD00C78028 /* CourseDetailViewController.h */,
				0B653FF01947BCFD00C78028 /* CourseDetailViewController.m */,
				0B8E0BF118A3701500863181 /* LoginViewController.h */,
				0B8E0BF218A3701500863181 /* LoginViewController.m */,
				0B8E0BBD18A2099100863181 /* SocialSchedulerFirstViewController.h */,
				0B8E0BBE18A2099100863181 /* SocialSchedulerFirstViewController.m */,
				0B8E0BC018A2099100863181 /* SocialSchedulerSecondViewController.h */,
				0B8E0BC118A2099100863181 /* SocialSchedulerSecondViewController.m */,
				0B8E0BF518A5EB8100863181 /* FacebookFriendsViewController.h */,
				0B8E0BF618A5EB8100863181 /* FacebookFriendsViewController.m */,
			);
			name = Views;
			sourceTree = "<group>";
		};
		0BA0CB8418A86F4C005AAFD5 /* Model */ = {
			isa = PBXGroup;
			children = (
				0BA0CB8518A86F8B005AAFD5 /* CourseCell.h */,
				0BA0CB8618A86F8B005AAFD5 /* CourseCell.m */,
				0BA0CB8818A87CD2005AAFD5 /* ContactCell.h */,
				0BA0CB8918A87CD2005AAFD5 /* ContactCell.m */,
				0B3C9F7018A9631800506FDC /* ContactScheduleCell.h */,
				0B3C9F7118A9631800506FDC /* ContactScheduleCell.m */,
				0BDC092818AAAB0700BC82CE /* ClassContactCell.h */,
				0BDC092918AAAB0700BC82CE /* ClassContactCell.m */,
			);
			name = Model;
			sourceTree = "<group>";
		};
		0BA8C0FE18AB1A4B000F3734 /* Icons */ = {
			isa = PBXGroup;
			children = (
				0BA8C12018AB1BB4000F3734 /* App Icon [Squared] */,
			);
			name = Icons;
			sourceTree = "<group>";
		};
		0BA8C12018AB1BB4000F3734 /* App Icon [Squared] */ = {
			isa = PBXGroup;
			children = (
				0BA8C12118AB1BB4000F3734 /* AppIcon29x29.png */,
				0BA8C12218AB1BB4000F3734 /* AppIcon29x29@2x.png */,
				0BA8C12318AB1BB4000F3734 /* AppIcon40x40.png */,
				0BA8C12418AB1BB4000F3734 /* AppIcon40x40@2x.png */,
				0BA8C12518AB1BB4000F3734 /* AppIcon50x50.png */,
				0BA8C12618AB1BB4000F3734 /* AppIcon50x50@2x.png */,
				0BA8C12718AB1BB4000F3734 /* AppIcon57x57.png */,
				0BA8C12818AB1BB4000F3734 /* AppIcon57x57@2x.png */,
				0BA8C12918AB1BB4000F3734 /* AppIcon60x60.png */,
				0BA8C12A18AB1BB4000F3734 /* AppIcon60x60@2x.png */,
				0BA8C12B18AB1BB4000F3734 /* AppIcon72x72.png */,
				0BA8C12C18AB1BB4000F3734 /* AppIcon72x72@2x.png */,
				0BA8C12D18AB1BB4000F3734 /* AppIcon76x76.png */,
				0BA8C12E18AB1BB4000F3734 /* AppIcon76x76@2x.png */,
				0BA8C12F18AB1BB4000F3734 /* iTunesArtwork.png */,
				0BA8C13018AB1BB4000F3734 /* iTunesArtwork@2x.png */,
			);
			path = "App Icon [Squared]";
			sourceTree = "<group>";
		};
		0BDC091818A9F59100BC82CE /* Testflight SDK */ = {
			isa = PBXGroup;
			children = (
				0BDC091C18A9F5D500BC82CE /* TestFlightSDK2.2.1 */,
			);
			name = "Testflight SDK";
			sourceTree = "<group>";
		};
		0BDC091C18A9F5D500BC82CE /* TestFlightSDK2.2.1 */ = {
			isa = PBXGroup;
			children = (
				0BDC091D18A9F5D500BC82CE /* libTestFlight.a */,
				0BDC091E18A9F5D500BC82CE /* README.md */,
				0BDC091F18A9F5D500BC82CE /* release_notes.md */,
				0BDC092018A9F5D500BC82CE /* TestFlight+AsyncLogging.h */,
				0BDC092118A9F5D500BC82CE /* TestFlight+ManualSessions.h */,
				0BDC092218A9F5D500BC82CE /* TestFlight.h */,
			);
			path = TestFlightSDK2.2.1;
			sourceTree = "<group>";
		};
		0BFF8B0F18AE899600817BFD /* Reachability */ = {
			isa = PBXGroup;
			children = (
				0BFF8B1018AE899600817BFD /* Reachability.h */,
				0BFF8B1118AE899600817BFD /* Reachability.m */,
			);
			path = Reachability;
			sourceTree = "<group>";
		};
/* End PBXGroup section */

/* Begin PBXNativeTarget section */
		0B8E0BA418A2099100863181 /* UMDSocialScheduler */ = {
			isa = PBXNativeTarget;
			buildConfigurationList = 0B8E0BDA18A2099100863181 /* Build configuration list for PBXNativeTarget "UMDSocialScheduler" */;
			buildPhases = (
				0B8E0BA118A2099100863181 /* Sources */,
				0B8E0BA218A2099100863181 /* Frameworks */,
				0B8E0BA318A2099100863181 /* Resources */,
			);
			buildRules = (
			);
			dependencies = (
			);
			name = UMDSocialScheduler;
			productName = UMDSocialScheduler;
			productReference = 0B8E0BA518A2099100863181 /* UMDSocialScheduler.app */;
			productType = "com.apple.product-type.application";
		};
		0B8E0BC818A2099100863181 /* UMDSocialSchedulerTests */ = {
			isa = PBXNativeTarget;
			buildConfigurationList = 0B8E0BDD18A2099100863181 /* Build configuration list for PBXNativeTarget "UMDSocialSchedulerTests" */;
			buildPhases = (
				0B8E0BC518A2099100863181 /* Sources */,
				0B8E0BC618A2099100863181 /* Frameworks */,
				0B8E0BC718A2099100863181 /* Resources */,
			);
			buildRules = (
			);
			dependencies = (
				0B8E0BCF18A2099100863181 /* PBXTargetDependency */,
			);
			name = UMDSocialSchedulerTests;
			productName = UMDSocialSchedulerTests;
			productReference = 0B8E0BC918A2099100863181 /* UMDSocialSchedulerTests.xctest */;
			productType = "com.apple.product-type.bundle.unit-test";
		};
/* End PBXNativeTarget section */

/* Begin PBXProject section */
		0B8E0B9D18A2099100863181 /* Project object */ = {
			isa = PBXProject;
			attributes = {
				CLASSPREFIX = SocialScheduler;
				LastUpgradeCheck = 0510;
				ORGANIZATIONNAME = DTech;
				TargetAttributes = {
					0B8E0BA418A2099100863181 = {
						DevelopmentTeam = D9ETH9NNFP;
					};
					0B8E0BC818A2099100863181 = {
						TestTargetID = 0B8E0BA418A2099100863181;
					};
				};
			};
			buildConfigurationList = 0B8E0BA018A2099100863181 /* Build configuration list for PBXProject "UMDSocialScheduler" */;
			compatibilityVersion = "Xcode 3.2";
			developmentRegion = English;
			hasScannedForEncodings = 0;
			knownRegions = (
				en,
				Base,
			);
			mainGroup = 0B8E0B9C18A2099100863181;
			productRefGroup = 0B8E0BA618A2099100863181 /* Products */;
			projectDirPath = "";
			projectRoot = "";
			targets = (
				0B8E0BA418A2099100863181 /* UMDSocialScheduler */,
				0B8E0BC818A2099100863181 /* UMDSocialSchedulerTests */,
			);
		};
/* End PBXProject section */

/* Begin PBXResourcesBuildPhase section */
		0B8E0BA318A2099100863181 /* Resources */ = {
			isa = PBXResourcesBuildPhase;
			buildActionMask = 2147483647;
			files = (
				0BA8C13418AB1BB4000F3734 /* AppIcon40x40@2x.png in Resources */,
				0BDC092518A9F5D500BC82CE /* release_notes.md in Resources */,
				0BA8C13D18AB1BB4000F3734 /* AppIcon76x76.png in Resources */,
				0BA8C13518AB1BB4000F3734 /* AppIcon50x50.png in Resources */,
				0BA8C13A18AB1BB4000F3734 /* AppIcon60x60@2x.png in Resources */,
				0BA8C13318AB1BB4000F3734 /* AppIcon40x40.png in Resources */,
				0BA8C13718AB1BB4000F3734 /* AppIcon57x57.png in Resources */,
				0BA8C14018AB1BB4000F3734 /* iTunesArtwork@2x.png in Resources */,
				0BA8C13B18AB1BB4000F3734 /* AppIcon72x72.png in Resources */,
				0BA8C13C18AB1BB4000F3734 /* AppIcon72x72@2x.png in Resources */,
				0B8E0BC418A2099100863181 /* Images.xcassets in Resources */,
				0BA8C13118AB1BB4000F3734 /* AppIcon29x29.png in Resources */,
				0BA8C13918AB1BB4000F3734 /* AppIcon60x60.png in Resources */,
				0BDC092418A9F5D500BC82CE /* README.md in Resources */,
				0B77469118AD4008006E0550 /* fb_default.jpg in Resources */,
				0B8E0BB318A2099100863181 /* InfoPlist.strings in Resources */,
				0BA8C13E18AB1BB4000F3734 /* AppIcon76x76@2x.png in Resources */,
				0BA8C13F18AB1BB4000F3734 /* iTunesArtwork.png in Resources */,
				0BA8C13818AB1BB4000F3734 /* AppIcon57x57@2x.png in Resources */,
				0B4386B818AAFBF200D50DFC /* SocialSchedulerIpad.storyboard in Resources */,
				0B8E0BBC18A2099100863181 /* Main.storyboard in Resources */,
				0BC9322219465E0A00237EF2 /* Settings.bundle in Resources */,
				0BA8C13218AB1BB4000F3734 /* AppIcon29x29@2x.png in Resources */,
				0BA8C13618AB1BB4000F3734 /* AppIcon50x50@2x.png in Resources */,
				0B41542B1951FC6D00EAE8E9 /* FBUserSettingsViewResources.bundle in Resources */,
			);
			runOnlyForDeploymentPostprocessing = 0;
		};
		0B8E0BC718A2099100863181 /* Resources */ = {
			isa = PBXResourcesBuildPhase;
			buildActionMask = 2147483647;
			files = (
				0B8E0BD518A2099100863181 /* InfoPlist.strings in Resources */,
			);
			runOnlyForDeploymentPostprocessing = 0;
		};
/* End PBXResourcesBuildPhase section */

/* Begin PBXSourcesBuildPhase section */
		0B8E0BA118A2099100863181 /* Sources */ = {
			isa = PBXSourcesBuildPhase;
			buildActionMask = 2147483647;
			files = (
				0BA0CB8A18A87CD2005AAFD5 /* ContactCell.m in Sources */,
				0B8E0BBF18A2099100863181 /* SocialSchedulerFirstViewController.m in Sources */,
				0B8E0BC218A2099100863181 /* SocialSchedulerSecondViewController.m in Sources */,
				0BFF8B1218AE899600817BFD /* Reachability.m in Sources */,
				0B8E0BF718A5EB8100863181 /* FacebookFriendsViewController.m in Sources */,
				0B8E0BB518A2099100863181 /* main.m in Sources */,
				0B3C9F7218A9631800506FDC /* ContactScheduleCell.m in Sources */,
				0B8E0BF318A3701500863181 /* LoginViewController.m in Sources */,
				0BDC092A18AAAB0700BC82CE /* ClassContactCell.m in Sources */,
				0BA0CB8718A86F8B005AAFD5 /* CourseCell.m in Sources */,
				0B653FF11947BCFD00C78028 /* CourseDetailViewController.m in Sources */,
				0B8E0BB918A2099100863181 /* SocialSchedulerAppDelegate.m in Sources */,
			);
			runOnlyForDeploymentPostprocessing = 0;
		};
		0B8E0BC518A2099100863181 /* Sources */ = {
			isa = PBXSourcesBuildPhase;
			buildActionMask = 2147483647;
			files = (
				0B8E0BD718A2099100863181 /* UMDSocialSchedulerTests.m in Sources */,
			);
			runOnlyForDeploymentPostprocessing = 0;
		};
/* End PBXSourcesBuildPhase section */

/* Begin PBXTargetDependency section */
		0B8E0BCF18A2099100863181 /* PBXTargetDependency */ = {
			isa = PBXTargetDependency;
			target = 0B8E0BA418A2099100863181 /* UMDSocialScheduler */;
			targetProxy = 0B8E0BCE18A2099100863181 /* PBXContainerItemProxy */;
		};
/* End PBXTargetDependency section */

/* Begin PBXVariantGroup section */
		0B8E0BB118A2099100863181 /* InfoPlist.strings */ = {
			isa = PBXVariantGroup;
			children = (
				0B8E0BB218A2099100863181 /* en */,
			);
			name = InfoPlist.strings;
			sourceTree = "<group>";
		};
		0B8E0BBA18A2099100863181 /* Main.storyboard */ = {
			isa = PBXVariantGroup;
			children = (
				0B8E0BBB18A2099100863181 /* Base */,
			);
			name = Main.storyboard;
			sourceTree = "<group>";
		};
		0B8E0BD318A2099100863181 /* InfoPlist.strings */ = {
			isa = PBXVariantGroup;
			children = (
				0B8E0BD418A2099100863181 /* en */,
			);
			name = InfoPlist.strings;
			sourceTree = "<group>";
		};
/* End PBXVariantGroup section */

/* Begin XCBuildConfiguration section */
		0B8E0BD818A2099100863181 /* Debug */ = {
			isa = XCBuildConfiguration;
			buildSettings = {
				ALWAYS_SEARCH_USER_PATHS = NO;
				CLANG_CXX_LANGUAGE_STANDARD = "gnu++0x";
				CLANG_CXX_LIBRARY = "libc++";
				CLANG_ENABLE_MODULES = YES;
				CLANG_ENABLE_OBJC_ARC = YES;
				CLANG_WARN_BOOL_CONVERSION = YES;
				CLANG_WARN_CONSTANT_CONVERSION = YES;
				CLANG_WARN_DIRECT_OBJC_ISA_USAGE = YES_ERROR;
				CLANG_WARN_EMPTY_BODY = YES;
				CLANG_WARN_ENUM_CONVERSION = YES;
				CLANG_WARN_INT_CONVERSION = YES;
				CLANG_WARN_OBJC_ROOT_CLASS = YES_ERROR;
				CLANG_WARN__DUPLICATE_METHOD_MATCH = YES;
				"CODE_SIGN_IDENTITY[sdk=iphoneos*]" = "iPhone Developer";
				COPY_PHASE_STRIP = NO;
				GCC_C_LANGUAGE_STANDARD = gnu99;
				GCC_DYNAMIC_NO_PIC = NO;
				GCC_OPTIMIZATION_LEVEL = 0;
				GCC_PREPROCESSOR_DEFINITIONS = (
					"DEBUG=1",
					"$(inherited)",
				);
				GCC_SYMBOLS_PRIVATE_EXTERN = NO;
				GCC_WARN_64_TO_32_BIT_CONVERSION = YES;
				GCC_WARN_ABOUT_RETURN_TYPE = YES_ERROR;
				GCC_WARN_UNDECLARED_SELECTOR = YES;
				GCC_WARN_UNINITIALIZED_AUTOS = YES;
				GCC_WARN_UNUSED_FUNCTION = YES;
				GCC_WARN_UNUSED_VARIABLE = YES;
				IPHONEOS_DEPLOYMENT_TARGET = 7.0;
				ONLY_ACTIVE_ARCH = YES;
				SDKROOT = iphoneos;
			};
			name = Debug;
		};
		0B8E0BD918A2099100863181 /* Release */ = {
			isa = XCBuildConfiguration;
			buildSettings = {
				ALWAYS_SEARCH_USER_PATHS = NO;
				CLANG_CXX_LANGUAGE_STANDARD = "gnu++0x";
				CLANG_CXX_LIBRARY = "libc++";
				CLANG_ENABLE_MODULES = YES;
				CLANG_ENABLE_OBJC_ARC = YES;
				CLANG_WARN_BOOL_CONVERSION = YES;
				CLANG_WARN_CONSTANT_CONVERSION = YES;
				CLANG_WARN_DIRECT_OBJC_ISA_USAGE = YES_ERROR;
				CLANG_WARN_EMPTY_BODY = YES;
				CLANG_WARN_ENUM_CONVERSION = YES;
				CLANG_WARN_INT_CONVERSION = YES;
				CLANG_WARN_OBJC_ROOT_CLASS = YES_ERROR;
				CLANG_WARN__DUPLICATE_METHOD_MATCH = YES;
				"CODE_SIGN_IDENTITY[sdk=iphoneos*]" = "iPhone Developer";
				COPY_PHASE_STRIP = YES;
				ENABLE_NS_ASSERTIONS = NO;
				GCC_C_LANGUAGE_STANDARD = gnu99;
				GCC_WARN_64_TO_32_BIT_CONVERSION = YES;
				GCC_WARN_ABOUT_RETURN_TYPE = YES_ERROR;
				GCC_WARN_UNDECLARED_SELECTOR = YES;
				GCC_WARN_UNINITIALIZED_AUTOS = YES;
				GCC_WARN_UNUSED_FUNCTION = YES;
				GCC_WARN_UNUSED_VARIABLE = YES;
				IPHONEOS_DEPLOYMENT_TARGET = 7.0;
				SDKROOT = iphoneos;
				VALIDATE_PRODUCT = YES;
			};
			name = Release;
		};
		0B8E0BDB18A2099100863181 /* Debug */ = {
			isa = XCBuildConfiguration;
			buildSettings = {
				ASSETCATALOG_COMPILER_APPICON_NAME = AppIcon;
				ASSETCATALOG_COMPILER_LAUNCHIMAGE_NAME = LaunchImage;
				CODE_SIGN_IDENTITY = "iPhone Developer";
				"CODE_SIGN_IDENTITY[sdk=iphoneos*]" = "iPhone Developer";
				FRAMEWORK_SEARCH_PATHS = (
					"$(inherited)",
					/Users/domthebigbomb/Documents/iOS_Dev/UMDSocialScheduler,
					"$(PROJECT_DIR)",
				);
				GCC_PRECOMPILE_PREFIX_HEADER = YES;
				GCC_PREFIX_HEADER = "UMDSocialScheduler/UMDSocialScheduler-Prefix.pch";
				INFOPLIST_FILE = "UMDSocialScheduler/UMDSocialScheduler-Info.plist";
				IPHONEOS_DEPLOYMENT_TARGET = 7.0;
				LIBRARY_SEARCH_PATHS = (
					"$(inherited)",
					/Users/domthebigbomb/Documents/iOS_Dev/UMDSocialScheduler/TestFlightSDK2.2.1,
				);
				ONLY_ACTIVE_ARCH = NO;
				OTHER_LDFLAGS = "-ObjC";
				PRODUCT_NAME = "$(TARGET_NAME)";
				PROVISIONING_PROFILE = "";
				SDKROOT = iphoneos;
				TARGETED_DEVICE_FAMILY = "1,2";
				VALID_ARCHS = "arm64 armv7 armv7s";
				WRAPPER_EXTENSION = app;
			};
			name = Debug;
		};
		0B8E0BDC18A2099100863181 /* Release */ = {
			isa = XCBuildConfiguration;
			buildSettings = {
				ASSETCATALOG_COMPILER_APPICON_NAME = AppIcon;
				ASSETCATALOG_COMPILER_LAUNCHIMAGE_NAME = LaunchImage;
				CODE_SIGN_IDENTITY = "iPhone Developer";
				"CODE_SIGN_IDENTITY[sdk=iphoneos*]" = "iPhone Developer";
				FRAMEWORK_SEARCH_PATHS = (
					"$(inherited)",
					/Users/domthebigbomb/Documents/iOS_Dev/UMDSocialScheduler,
					"$(PROJECT_DIR)",
				);
				GCC_PRECOMPILE_PREFIX_HEADER = YES;
				GCC_PREFIX_HEADER = "UMDSocialScheduler/UMDSocialScheduler-Prefix.pch";
				INFOPLIST_FILE = "UMDSocialScheduler/UMDSocialScheduler-Info.plist";
				IPHONEOS_DEPLOYMENT_TARGET = 7.0;
				LIBRARY_SEARCH_PATHS = (
					"$(inherited)",
					/Users/domthebigbomb/Documents/iOS_Dev/UMDSocialScheduler/TestFlightSDK2.2.1,
				);
				OTHER_LDFLAGS = "-ObjC";
				PRODUCT_NAME = "$(TARGET_NAME)";
				PROVISIONING_PROFILE = "";
				SDKROOT = iphoneos;
				TARGETED_DEVICE_FAMILY = "1,2";
				VALID_ARCHS = "arm64 armv7 armv7s";
				WRAPPER_EXTENSION = app;
			};
			name = Release;
		};
		0B8E0BDE18A2099100863181 /* Debug */ = {
			isa = XCBuildConfiguration;
			buildSettings = {
				BUNDLE_LOADER = "$(BUILT_PRODUCTS_DIR)/UMDSocialScheduler.app/UMDSocialScheduler";
				FRAMEWORK_SEARCH_PATHS = (
					"$(SDKROOT)/Developer/Library/Frameworks",
					"$(inherited)",
					"$(DEVELOPER_FRAMEWORKS_DIR)",
				);
				GCC_PRECOMPILE_PREFIX_HEADER = YES;
				GCC_PREFIX_HEADER = "UMDSocialScheduler/UMDSocialScheduler-Prefix.pch";
				GCC_PREPROCESSOR_DEFINITIONS = (
					"DEBUG=1",
					"$(inherited)",
				);
				INFOPLIST_FILE = "UMDSocialSchedulerTests/UMDSocialSchedulerTests-Info.plist";
				PRODUCT_NAME = "$(TARGET_NAME)";
				TEST_HOST = "$(BUNDLE_LOADER)";
				WRAPPER_EXTENSION = xctest;
			};
			name = Debug;
		};
		0B8E0BDF18A2099100863181 /* Release */ = {
			isa = XCBuildConfiguration;
			buildSettings = {
				BUNDLE_LOADER = "$(BUILT_PRODUCTS_DIR)/UMDSocialScheduler.app/UMDSocialScheduler";
				FRAMEWORK_SEARCH_PATHS = (
					"$(SDKROOT)/Developer/Library/Frameworks",
					"$(inherited)",
					"$(DEVELOPER_FRAMEWORKS_DIR)",
				);
				GCC_PRECOMPILE_PREFIX_HEADER = YES;
				GCC_PREFIX_HEADER = "UMDSocialScheduler/UMDSocialScheduler-Prefix.pch";
				INFOPLIST_FILE = "UMDSocialSchedulerTests/UMDSocialSchedulerTests-Info.plist";
				PRODUCT_NAME = "$(TARGET_NAME)";
				TEST_HOST = "$(BUNDLE_LOADER)";
				WRAPPER_EXTENSION = xctest;
			};
			name = Release;
		};
/* End XCBuildConfiguration section */

/* Begin XCConfigurationList section */
		0B8E0BA018A2099100863181 /* Build configuration list for PBXProject "UMDSocialScheduler" */ = {
			isa = XCConfigurationList;
			buildConfigurations = (
				0B8E0BD818A2099100863181 /* Debug */,
				0B8E0BD918A2099100863181 /* Release */,
			);
			defaultConfigurationIsVisible = 0;
			defaultConfigurationName = Release;
		};
		0B8E0BDA18A2099100863181 /* Build configuration list for PBXNativeTarget "UMDSocialScheduler" */ = {
			isa = XCConfigurationList;
			buildConfigurations = (
				0B8E0BDB18A2099100863181 /* Debug */,
				0B8E0BDC18A2099100863181 /* Release */,
			);
			defaultConfigurationIsVisible = 0;
			defaultConfigurationName = Release;
		};
		0B8E0BDD18A2099100863181 /* Build configuration list for PBXNativeTarget "UMDSocialSchedulerTests" */ = {
			isa = XCConfigurationList;
			buildConfigurations = (
				0B8E0BDE18A2099100863181 /* Debug */,
				0B8E0BDF18A2099100863181 /* Release */,
			);
			defaultConfigurationIsVisible = 0;
			defaultConfigurationName = Release;
		};
/* End XCConfigurationList section */
	};
	rootObject = 0B8E0B9D18A2099100863181 /* Project object */;
}
